
Microsoft Visual Studio Solution File, Format Version 12.00
Project("{FAE04EC0-301F-11D3-BF4B-00C04F79EFBC}") = "VC.Applications.Host", "VC.Applications.Host\VC.Applications.Host.csproj", "{FEC88C81-7585-43D1-950B-DEF77695BE55}"
EndProject
Global
	GlobalSection(SolutionConfigurationPlatforms) = preSolution
		Debug|Any CPU = Debug|Any CPU
		Release|Any CPU = Release|Any CPU
	EndGlobalSection
	GlobalSection(ProjectConfigurationPlatforms) = postSolution
		{FEC88C81-7585-43D1-950B-DEF77695BE55}.Debug|Any CPU.ActiveCfg = Debug|Any CPU
		{FEC88C81-7585-43D1-950B-DEF77695BE55}.Debug|Any CPU.Build.0 = Debug|Any CPU
		{FEC88C81-7585-43D1-950B-DEF77695BE55}.Release|Any CPU.ActiveCfg = Release|Any CPU
		{FEC88C81-7585-43D1-950B-DEF77695BE55}.Release|Any CPU.Build.0 = Release|Any CPU
	EndGlobalSection
EndGlobal
