
Microsoft Visual Studio Solution File, Format Version 12.00
# Visual Studio Version 17
VisualStudioVersion = 17.13.35806.99
MinimumVisualStudioVersion = 10.0.40219.1
Project("{2150E333-8FDC-42A3-9474-1A3956D46DE8}") = "src", "src", "{317B6052-9BB0-46C8-8536-D63BA6105929}"
	ProjectSection(SolutionItems) = preProject
		src\Directory.Packages.props = src\Directory.Packages.props
	EndProjectSection
EndProject
Project("{2150E333-8FDC-42A3-9474-1A3956D46DE8}") = "Modules", "Modules", "{038D4366-DF72-4566-853B-59186711BE49}"
EndProject
Project("{2150E333-8FDC-42A3-9474-1A3956D46DE8}") = "Orders", "Orders", "{2F226694-EBFA-464D-9538-38F94DB7ADE9}"
EndProject
Project("{2150E333-8FDC-42A3-9474-1A3956D46DE8}") = "Core", "Core", "{824C3909-5762-476A-8E18-AC686D522599}"
EndProject
Project("{2150E333-8FDC-42A3-9474-1A3956D46DE8}") = "Notifications", "Notifications", "{12D31173-D955-4123-9DE6-3693694119F7}"
EndProject
Project("{2150E333-8FDC-42A3-9474-1A3956D46DE8}") = "Payments", "Payments", "{15DDEBC4-1AA3-4895-A3E7-91A033033902}"
EndProject
Project("{2150E333-8FDC-42A3-9474-1A3956D46DE8}") = "Reviews", "Reviews", "{E0058004-FAA9-4A96-8ACF-CB5A49EA1FF8}"
EndProject
Project("{2150E333-8FDC-42A3-9474-1A3956D46DE8}") = "Common", "Common", "{955F13F4-338D-444F-8B43-D8EFCD9C0044}"
EndProject
Project("{FAE04EC0-301F-11D3-BF4B-00C04F79EFBC}") = "VC.Host", "src\VC.Host\VC.Host.csproj", "{62A32571-1F85-4289-A8E8-1AC2E98A953B}"
EndProject
Project("{FAE04EC0-301F-11D3-BF4B-00C04F79EFBC}") = "VC.Orders", "src\Modules\Orders\VC.Orders\VC.Orders.csproj", "{1AD1F08F-39CA-48D6-8BD1-C8ECDBE569E2}"
EndProject
Project("{FAE04EC0-301F-11D3-BF4B-00C04F79EFBC}") = "VC.Orders.Api", "src\Modules\Orders\VC.Orders.Api\VC.Orders.Api.csproj", "{DE883FF1-3FDC-4BEA-A4F2-C309C56B4CB4}"
EndProject
Project("{FAE04EC0-301F-11D3-BF4B-00C04F79EFBC}") = "VC.Orders.Di", "src\Modules\Orders\VC.Orders.Di\VC.Orders.Di.csproj", "{A091CBA6-11D7-439F-A250-506445A3B8E0}"
EndProject
Project("{FAE04EC0-301F-11D3-BF4B-00C04F79EFBC}") = "VC.Orders.Application", "src\Modules\Orders\VC.Orders.Application\VC.Orders.Application.csproj", "{D8956641-A025-4A4D-BB3A-AA87B8F9D2FF}"
EndProject
Project("{FAE04EC0-301F-11D3-BF4B-00C04F79EFBC}") = "VC.Orders.Integration", "src\Modules\Orders\VC.Orders.Integration\VC.Orders.Integration.csproj", "{E6E8EA25-076A-4839-AFCD-0562C3FB8058}"
EndProject
Project("{FAE04EC0-301F-11D3-BF4B-00C04F79EFBC}") = "VC.Orders.Infrastructure", "src\Modules\Orders\VC.Orders.Infrastructure\VC.Orders.Infrastructure.csproj", "{6796F60E-1C67-4FBB-AEDD-679462A0AC0D}"
EndProject
Project("{2150E333-8FDC-42A3-9474-1A3956D46DE8}") = "tests", "tests", "{B9CBB3AD-50F3-4240-80E1-F78CA04620C8}"
EndProject
Project("{FAE04EC0-301F-11D3-BF4B-00C04F79EFBC}") = "VC.UnitTests.Common", "tests\VC.UnitTests.Common\VC.UnitTests.Common.csproj", "{AA1D9A83-6957-4390-8C5D-B68DA47706D2}"
EndProject
Project("{2150E333-8FDC-42A3-9474-1A3956D46DE8}") = "Infrastructure", "Infrastructure", "{02EA681E-C7D8-13C7-8484-4AC65E1B71E8}"
EndProject
Project("{FAE04EC0-301F-11D3-BF4B-00C04F79EFBC}") = "VC.Core", "src\Modules\Core\VC.Core\VC.Core.csproj", "{4AF44D35-54AF-4DDB-868B-CB32DA044423}"
EndProject
Project("{FAE04EC0-301F-11D3-BF4B-00C04F79EFBC}") = "VC.Core.Api", "src\Modules\Core\VC.Core.Api\VC.Core.Api.csproj", "{59256530-AC7F-443F-8B47-FD2DD0A2050E}"
EndProject
Project("{FAE04EC0-301F-11D3-BF4B-00C04F79EFBC}") = "VC.Core.Application", "src\Modules\Core\VC.Core.Application\VC.Core.Application.csproj", "{37700D3B-4D68-4733-9012-88C875B379EC}"
EndProject
Project("{FAE04EC0-301F-11D3-BF4B-00C04F79EFBC}") = "VC.Core.Di", "src\Modules\Core\VC.Core.Di\VC.Core.Di.csproj", "{77F36AF7-D395-4345-B7A7-108354A68319}"
EndProject
Project("{FAE04EC0-301F-11D3-BF4B-00C04F79EFBC}") = "VC.Core.Infrastructure", "src\Modules\Core\VC.Core.Infrastructure\VC.Core.Infrastructure.csproj", "{B26B112E-6047-4284-8D60-1085ED9BBDD1}"
EndProject
Project("{FAE04EC0-301F-11D3-BF4B-00C04F79EFBC}") = "VC.Core.Integration", "src\Modules\Core\VC.Core.Integration\VC.Core.Integration.csproj", "{1CD19043-14B4-4134-A8BB-379CEB776B50}"
EndProject
Project("{FAE04EC0-301F-11D3-BF4B-00C04F79EFBC}") = "VC.Shared.Integrations.Di", "vc.shared\VC.Shared\src\Infrastructure\VC.Shared.Integrations.Di\VC.Shared.Integrations.Di.csproj", "{8E343848-0622-BA27-D402-C77659A5BE52}"
Project("{2150E333-8FDC-42A3-9474-1A3956D46DE8}") = "Auth", "Auth", "{BE530507-4CE6-41FF-BE29-6B1BEA53415C}"
EndProject
Project("{FAE04EC0-301F-11D3-BF4B-00C04F79EFBC}") = "VC.Shared.MailSendIntegration", "vc.shared\VC.Shared\src\Infrastructure\VC.Shared.MailSendIntegration\VC.Shared.MailSendIntegration.csproj", "{647FF75A-0C1B-61F3-DDDA-5FA1289DC2C4}"
Project("{FAE04EC0-301F-11D3-BF4B-00C04F79EFBC}") = "VC.Auth", "src\Modules\Auth\VC.Auth\VC.Auth.csproj", "{5AB2365F-B205-4F40-88EC-6BFB9627B60E}"
EndProject
Project("{FAE04EC0-301F-11D3-BF4B-00C04F79EFBC}") = "VC.Shared.Utilities", "vc.shared\VC.Shared\src\VC.Shared.Utilities\VC.Shared.Utilities.csproj", "{F7ABA53C-589B-69F6-0BC3-19A448B66321}"
Project("{FAE04EC0-301F-11D3-BF4B-00C04F79EFBC}") = "VC.Auth.Api", "src\Modules\Auth\VC.Auth.Api\VC.Auth.Api.csproj", "{DA7F8631-DD86-4D23-A59F-96A33FB4B747}"
EndProject
Project("{FAE04EC0-301F-11D3-BF4B-00C04F79EFBC}") = "VC.Auth.Application", "src\Modules\Auth\VC.Auth.Application\VC.Auth.Application.csproj", "{9A04B9E4-1A74-446E-BC6B-C68B42B53894}"
EndProject
Project("{FAE04EC0-301F-11D3-BF4B-00C04F79EFBC}") = "VC.Auth.Infrastructure", "src\Modules\Auth\VC.Auth.Infrastructure\VC.Auth.Infrastructure.csproj", "{9B419814-4466-4EAE-B897-6753C1F33CA8}"
EndProject
Project("{FAE04EC0-301F-11D3-BF4B-00C04F79EFBC}") = "VC.Auth.Integration", "src\Modules\Auth\VC.Auth.Integration\VC.Auth.Integration.csproj", "{4A5ABD44-BCDD-4A5E-BF01-19D1021ACD25}"
EndProject
Project("{FAE04EC0-301F-11D3-BF4B-00C04F79EFBC}") = "VC.Auth.Di", "src\Modules\Auth\VC.Auth.Di\VC.Auth.Di.csproj", "{640935FE-CBB5-4FD4-8C0C-8AEF105D7BAE}"
EndProject
Project("{FAE04EC0-301F-11D3-BF4B-00C04F79EFBC}") = "VC.Shared.Utilities", "vc.shared\VC.Shared\src\VC.Shared.Utilities\VC.Shared.Utilities.csproj", "{55056F29-B998-4DD8-B819-42D6CD81136B}"
EndProject
Project("{FAE04EC0-301F-11D3-BF4B-00C04F79EFBC}") = "VC.Shared.Integrations.Di", "vc.shared\VC.Shared\src\Infrastructure\VC.Shared.Integrations.Di\VC.Shared.Integrations.Di.csproj", "{FBBD5AE6-710D-471C-BE11-E7462B95BA3E}"
EndProject
Project("{FAE04EC0-301F-11D3-BF4B-00C04F79EFBC}") = "VC.Shared.MailSendIntegration", "vc.shared\VC.Shared\src\Infrastructure\VC.Shared.MailSendIntegration\VC.Shared.MailSendIntegration.csproj", "{F15DC4B4-F825-4805-AE66-14F3A0978F98}"
EndProject
Global
	GlobalSection(SolutionConfigurationPlatforms) = preSolution
		Debug|Any CPU = Debug|Any CPU
		Release|Any CPU = Release|Any CPU
	EndGlobalSection
	GlobalSection(ProjectConfigurationPlatforms) = postSolution
		{62A32571-1F85-4289-A8E8-1AC2E98A953B}.Debug|Any CPU.ActiveCfg = Debug|Any CPU
		{62A32571-1F85-4289-A8E8-1AC2E98A953B}.Debug|Any CPU.Build.0 = Debug|Any CPU
		{62A32571-1F85-4289-A8E8-1AC2E98A953B}.Release|Any CPU.ActiveCfg = Release|Any CPU
		{62A32571-1F85-4289-A8E8-1AC2E98A953B}.Release|Any CPU.Build.0 = Release|Any CPU
		{1AD1F08F-39CA-48D6-8BD1-C8ECDBE569E2}.Debug|Any CPU.ActiveCfg = Debug|Any CPU
		{1AD1F08F-39CA-48D6-8BD1-C8ECDBE569E2}.Debug|Any CPU.Build.0 = Debug|Any CPU
		{1AD1F08F-39CA-48D6-8BD1-C8ECDBE569E2}.Release|Any CPU.ActiveCfg = Release|Any CPU
		{1AD1F08F-39CA-48D6-8BD1-C8ECDBE569E2}.Release|Any CPU.Build.0 = Release|Any CPU
		{DE883FF1-3FDC-4BEA-A4F2-C309C56B4CB4}.Debug|Any CPU.ActiveCfg = Debug|Any CPU
		{DE883FF1-3FDC-4BEA-A4F2-C309C56B4CB4}.Debug|Any CPU.Build.0 = Debug|Any CPU
		{DE883FF1-3FDC-4BEA-A4F2-C309C56B4CB4}.Release|Any CPU.ActiveCfg = Release|Any CPU
		{DE883FF1-3FDC-4BEA-A4F2-C309C56B4CB4}.Release|Any CPU.Build.0 = Release|Any CPU
		{A091CBA6-11D7-439F-A250-506445A3B8E0}.Debug|Any CPU.ActiveCfg = Debug|Any CPU
		{A091CBA6-11D7-439F-A250-506445A3B8E0}.Debug|Any CPU.Build.0 = Debug|Any CPU
		{A091CBA6-11D7-439F-A250-506445A3B8E0}.Release|Any CPU.ActiveCfg = Release|Any CPU
		{A091CBA6-11D7-439F-A250-506445A3B8E0}.Release|Any CPU.Build.0 = Release|Any CPU
		{D8956641-A025-4A4D-BB3A-AA87B8F9D2FF}.Debug|Any CPU.ActiveCfg = Debug|Any CPU
		{D8956641-A025-4A4D-BB3A-AA87B8F9D2FF}.Debug|Any CPU.Build.0 = Debug|Any CPU
		{D8956641-A025-4A4D-BB3A-AA87B8F9D2FF}.Release|Any CPU.ActiveCfg = Release|Any CPU
		{D8956641-A025-4A4D-BB3A-AA87B8F9D2FF}.Release|Any CPU.Build.0 = Release|Any CPU
		{E6E8EA25-076A-4839-AFCD-0562C3FB8058}.Debug|Any CPU.ActiveCfg = Debug|Any CPU
		{E6E8EA25-076A-4839-AFCD-0562C3FB8058}.Debug|Any CPU.Build.0 = Debug|Any CPU
		{E6E8EA25-076A-4839-AFCD-0562C3FB8058}.Release|Any CPU.ActiveCfg = Release|Any CPU
		{E6E8EA25-076A-4839-AFCD-0562C3FB8058}.Release|Any CPU.Build.0 = Release|Any CPU
		{6796F60E-1C67-4FBB-AEDD-679462A0AC0D}.Debug|Any CPU.ActiveCfg = Debug|Any CPU
		{6796F60E-1C67-4FBB-AEDD-679462A0AC0D}.Debug|Any CPU.Build.0 = Debug|Any CPU
		{6796F60E-1C67-4FBB-AEDD-679462A0AC0D}.Release|Any CPU.ActiveCfg = Release|Any CPU
		{6796F60E-1C67-4FBB-AEDD-679462A0AC0D}.Release|Any CPU.Build.0 = Release|Any CPU
		{AA1D9A83-6957-4390-8C5D-B68DA47706D2}.Debug|Any CPU.ActiveCfg = Debug|Any CPU
		{AA1D9A83-6957-4390-8C5D-B68DA47706D2}.Debug|Any CPU.Build.0 = Debug|Any CPU
		{AA1D9A83-6957-4390-8C5D-B68DA47706D2}.Release|Any CPU.ActiveCfg = Release|Any CPU
		{AA1D9A83-6957-4390-8C5D-B68DA47706D2}.Release|Any CPU.Build.0 = Release|Any CPU
		{4AF44D35-54AF-4DDB-868B-CB32DA044423}.Debug|Any CPU.ActiveCfg = Debug|Any CPU
		{4AF44D35-54AF-4DDB-868B-CB32DA044423}.Debug|Any CPU.Build.0 = Debug|Any CPU
		{4AF44D35-54AF-4DDB-868B-CB32DA044423}.Release|Any CPU.ActiveCfg = Release|Any CPU
		{4AF44D35-54AF-4DDB-868B-CB32DA044423}.Release|Any CPU.Build.0 = Release|Any CPU
		{59256530-AC7F-443F-8B47-FD2DD0A2050E}.Debug|Any CPU.ActiveCfg = Debug|Any CPU
		{59256530-AC7F-443F-8B47-FD2DD0A2050E}.Debug|Any CPU.Build.0 = Debug|Any CPU
		{59256530-AC7F-443F-8B47-FD2DD0A2050E}.Release|Any CPU.ActiveCfg = Release|Any CPU
		{59256530-AC7F-443F-8B47-FD2DD0A2050E}.Release|Any CPU.Build.0 = Release|Any CPU
		{37700D3B-4D68-4733-9012-88C875B379EC}.Debug|Any CPU.ActiveCfg = Debug|Any CPU
		{37700D3B-4D68-4733-9012-88C875B379EC}.Debug|Any CPU.Build.0 = Debug|Any CPU
		{37700D3B-4D68-4733-9012-88C875B379EC}.Release|Any CPU.ActiveCfg = Release|Any CPU
		{37700D3B-4D68-4733-9012-88C875B379EC}.Release|Any CPU.Build.0 = Release|Any CPU
		{77F36AF7-D395-4345-B7A7-108354A68319}.Debug|Any CPU.ActiveCfg = Debug|Any CPU
		{77F36AF7-D395-4345-B7A7-108354A68319}.Debug|Any CPU.Build.0 = Debug|Any CPU
		{77F36AF7-D395-4345-B7A7-108354A68319}.Release|Any CPU.ActiveCfg = Release|Any CPU
		{77F36AF7-D395-4345-B7A7-108354A68319}.Release|Any CPU.Build.0 = Release|Any CPU
		{B26B112E-6047-4284-8D60-1085ED9BBDD1}.Debug|Any CPU.ActiveCfg = Debug|Any CPU
		{B26B112E-6047-4284-8D60-1085ED9BBDD1}.Debug|Any CPU.Build.0 = Debug|Any CPU
		{B26B112E-6047-4284-8D60-1085ED9BBDD1}.Release|Any CPU.ActiveCfg = Release|Any CPU
		{B26B112E-6047-4284-8D60-1085ED9BBDD1}.Release|Any CPU.Build.0 = Release|Any CPU
		{1CD19043-14B4-4134-A8BB-379CEB776B50}.Debug|Any CPU.ActiveCfg = Debug|Any CPU
		{1CD19043-14B4-4134-A8BB-379CEB776B50}.Debug|Any CPU.Build.0 = Debug|Any CPU
		{1CD19043-14B4-4134-A8BB-379CEB776B50}.Release|Any CPU.ActiveCfg = Release|Any CPU
		{1CD19043-14B4-4134-A8BB-379CEB776B50}.Release|Any CPU.Build.0 = Release|Any CPU
		{8E343848-0622-BA27-D402-C77659A5BE52}.Debug|Any CPU.ActiveCfg = Debug|Any CPU
		{8E343848-0622-BA27-D402-C77659A5BE52}.Debug|Any CPU.Build.0 = Debug|Any CPU
		{8E343848-0622-BA27-D402-C77659A5BE52}.Release|Any CPU.ActiveCfg = Release|Any CPU
		{8E343848-0622-BA27-D402-C77659A5BE52}.Release|Any CPU.Build.0 = Release|Any CPU
		{647FF75A-0C1B-61F3-DDDA-5FA1289DC2C4}.Debug|Any CPU.ActiveCfg = Debug|Any CPU
		{647FF75A-0C1B-61F3-DDDA-5FA1289DC2C4}.Debug|Any CPU.Build.0 = Debug|Any CPU
		{647FF75A-0C1B-61F3-DDDA-5FA1289DC2C4}.Release|Any CPU.ActiveCfg = Release|Any CPU
		{647FF75A-0C1B-61F3-DDDA-5FA1289DC2C4}.Release|Any CPU.Build.0 = Release|Any CPU
		{F7ABA53C-589B-69F6-0BC3-19A448B66321}.Debug|Any CPU.ActiveCfg = Debug|Any CPU
		{F7ABA53C-589B-69F6-0BC3-19A448B66321}.Debug|Any CPU.Build.0 = Debug|Any CPU
		{F7ABA53C-589B-69F6-0BC3-19A448B66321}.Release|Any CPU.ActiveCfg = Release|Any CPU
		{F7ABA53C-589B-69F6-0BC3-19A448B66321}.Release|Any CPU.Build.0 = Release|Any CPU
		{5AB2365F-B205-4F40-88EC-6BFB9627B60E}.Debug|Any CPU.ActiveCfg = Debug|Any CPU
		{5AB2365F-B205-4F40-88EC-6BFB9627B60E}.Debug|Any CPU.Build.0 = Debug|Any CPU
		{5AB2365F-B205-4F40-88EC-6BFB9627B60E}.Release|Any CPU.ActiveCfg = Release|Any CPU
		{5AB2365F-B205-4F40-88EC-6BFB9627B60E}.Release|Any CPU.Build.0 = Release|Any CPU
		{DA7F8631-DD86-4D23-A59F-96A33FB4B747}.Debug|Any CPU.ActiveCfg = Debug|Any CPU
		{DA7F8631-DD86-4D23-A59F-96A33FB4B747}.Debug|Any CPU.Build.0 = Debug|Any CPU
		{DA7F8631-DD86-4D23-A59F-96A33FB4B747}.Release|Any CPU.ActiveCfg = Release|Any CPU
		{DA7F8631-DD86-4D23-A59F-96A33FB4B747}.Release|Any CPU.Build.0 = Release|Any CPU
		{9A04B9E4-1A74-446E-BC6B-C68B42B53894}.Debug|Any CPU.ActiveCfg = Debug|Any CPU
		{9A04B9E4-1A74-446E-BC6B-C68B42B53894}.Debug|Any CPU.Build.0 = Debug|Any CPU
		{9A04B9E4-1A74-446E-BC6B-C68B42B53894}.Release|Any CPU.ActiveCfg = Release|Any CPU
		{9A04B9E4-1A74-446E-BC6B-C68B42B53894}.Release|Any CPU.Build.0 = Release|Any CPU
		{9B419814-4466-4EAE-B897-6753C1F33CA8}.Debug|Any CPU.ActiveCfg = Debug|Any CPU
		{9B419814-4466-4EAE-B897-6753C1F33CA8}.Debug|Any CPU.Build.0 = Debug|Any CPU
		{9B419814-4466-4EAE-B897-6753C1F33CA8}.Release|Any CPU.ActiveCfg = Release|Any CPU
		{9B419814-4466-4EAE-B897-6753C1F33CA8}.Release|Any CPU.Build.0 = Release|Any CPU
		{4A5ABD44-BCDD-4A5E-BF01-19D1021ACD25}.Debug|Any CPU.ActiveCfg = Debug|Any CPU
		{4A5ABD44-BCDD-4A5E-BF01-19D1021ACD25}.Debug|Any CPU.Build.0 = Debug|Any CPU
		{4A5ABD44-BCDD-4A5E-BF01-19D1021ACD25}.Release|Any CPU.ActiveCfg = Release|Any CPU
		{4A5ABD44-BCDD-4A5E-BF01-19D1021ACD25}.Release|Any CPU.Build.0 = Release|Any CPU
		{640935FE-CBB5-4FD4-8C0C-8AEF105D7BAE}.Debug|Any CPU.ActiveCfg = Debug|Any CPU
		{640935FE-CBB5-4FD4-8C0C-8AEF105D7BAE}.Debug|Any CPU.Build.0 = Debug|Any CPU
		{640935FE-CBB5-4FD4-8C0C-8AEF105D7BAE}.Release|Any CPU.ActiveCfg = Release|Any CPU
		{640935FE-CBB5-4FD4-8C0C-8AEF105D7BAE}.Release|Any CPU.Build.0 = Release|Any CPU
		{55056F29-B998-4DD8-B819-42D6CD81136B}.Debug|Any CPU.ActiveCfg = Debug|Any CPU
		{55056F29-B998-4DD8-B819-42D6CD81136B}.Debug|Any CPU.Build.0 = Debug|Any CPU
		{55056F29-B998-4DD8-B819-42D6CD81136B}.Release|Any CPU.ActiveCfg = Release|Any CPU
		{55056F29-B998-4DD8-B819-42D6CD81136B}.Release|Any CPU.Build.0 = Release|Any CPU
		{FBBD5AE6-710D-471C-BE11-E7462B95BA3E}.Debug|Any CPU.ActiveCfg = Debug|Any CPU
		{FBBD5AE6-710D-471C-BE11-E7462B95BA3E}.Debug|Any CPU.Build.0 = Debug|Any CPU
		{FBBD5AE6-710D-471C-BE11-E7462B95BA3E}.Release|Any CPU.ActiveCfg = Release|Any CPU
		{FBBD5AE6-710D-471C-BE11-E7462B95BA3E}.Release|Any CPU.Build.0 = Release|Any CPU
		{F15DC4B4-F825-4805-AE66-14F3A0978F98}.Debug|Any CPU.ActiveCfg = Debug|Any CPU
		{F15DC4B4-F825-4805-AE66-14F3A0978F98}.Debug|Any CPU.Build.0 = Debug|Any CPU
		{F15DC4B4-F825-4805-AE66-14F3A0978F98}.Release|Any CPU.ActiveCfg = Release|Any CPU
		{F15DC4B4-F825-4805-AE66-14F3A0978F98}.Release|Any CPU.Build.0 = Release|Any CPU
	EndGlobalSection
	GlobalSection(SolutionProperties) = preSolution
		HideSolutionNode = FALSE
	EndGlobalSection
	GlobalSection(NestedProjects) = preSolution
		{038D4366-DF72-4566-853B-59186711BE49} = {317B6052-9BB0-46C8-8536-D63BA6105929}
		{2F226694-EBFA-464D-9538-38F94DB7ADE9} = {038D4366-DF72-4566-853B-59186711BE49}
		{824C3909-5762-476A-8E18-AC686D522599} = {038D4366-DF72-4566-853B-59186711BE49}
		{12D31173-D955-4123-9DE6-3693694119F7} = {038D4366-DF72-4566-853B-59186711BE49}
		{15DDEBC4-1AA3-4895-A3E7-91A033033902} = {038D4366-DF72-4566-853B-59186711BE49}
		{E0058004-FAA9-4A96-8ACF-CB5A49EA1FF8} = {038D4366-DF72-4566-853B-59186711BE49}
		{955F13F4-338D-444F-8B43-D8EFCD9C0044} = {317B6052-9BB0-46C8-8536-D63BA6105929}
		{62A32571-1F85-4289-A8E8-1AC2E98A953B} = {317B6052-9BB0-46C8-8536-D63BA6105929}
		{1AD1F08F-39CA-48D6-8BD1-C8ECDBE569E2} = {2F226694-EBFA-464D-9538-38F94DB7ADE9}
		{DE883FF1-3FDC-4BEA-A4F2-C309C56B4CB4} = {2F226694-EBFA-464D-9538-38F94DB7ADE9}
		{A091CBA6-11D7-439F-A250-506445A3B8E0} = {2F226694-EBFA-464D-9538-38F94DB7ADE9}
		{D8956641-A025-4A4D-BB3A-AA87B8F9D2FF} = {2F226694-EBFA-464D-9538-38F94DB7ADE9}
		{E6E8EA25-076A-4839-AFCD-0562C3FB8058} = {2F226694-EBFA-464D-9538-38F94DB7ADE9}
		{6796F60E-1C67-4FBB-AEDD-679462A0AC0D} = {2F226694-EBFA-464D-9538-38F94DB7ADE9}
		{AA1D9A83-6957-4390-8C5D-B68DA47706D2} = {B9CBB3AD-50F3-4240-80E1-F78CA04620C8}
		{4AF44D35-54AF-4DDB-868B-CB32DA044423} = {824C3909-5762-476A-8E18-AC686D522599}
		{59256530-AC7F-443F-8B47-FD2DD0A2050E} = {824C3909-5762-476A-8E18-AC686D522599}
		{37700D3B-4D68-4733-9012-88C875B379EC} = {824C3909-5762-476A-8E18-AC686D522599}
		{77F36AF7-D395-4345-B7A7-108354A68319} = {824C3909-5762-476A-8E18-AC686D522599}
		{B26B112E-6047-4284-8D60-1085ED9BBDD1} = {824C3909-5762-476A-8E18-AC686D522599}
		{1CD19043-14B4-4134-A8BB-379CEB776B50} = {824C3909-5762-476A-8E18-AC686D522599}
		{8E343848-0622-BA27-D402-C77659A5BE52} = {02EA681E-C7D8-13C7-8484-4AC65E1B71E8}
		{647FF75A-0C1B-61F3-DDDA-5FA1289DC2C4} = {02EA681E-C7D8-13C7-8484-4AC65E1B71E8}
		{F7ABA53C-589B-69F6-0BC3-19A448B66321} = {955F13F4-338D-444F-8B43-D8EFCD9C0044}
		{BE530507-4CE6-41FF-BE29-6B1BEA53415C} = {038D4366-DF72-4566-853B-59186711BE49}
		{5AB2365F-B205-4F40-88EC-6BFB9627B60E} = {BE530507-4CE6-41FF-BE29-6B1BEA53415C}
		{DA7F8631-DD86-4D23-A59F-96A33FB4B747} = {BE530507-4CE6-41FF-BE29-6B1BEA53415C}
		{9A04B9E4-1A74-446E-BC6B-C68B42B53894} = {BE530507-4CE6-41FF-BE29-6B1BEA53415C}
		{9B419814-4466-4EAE-B897-6753C1F33CA8} = {BE530507-4CE6-41FF-BE29-6B1BEA53415C}
		{4A5ABD44-BCDD-4A5E-BF01-19D1021ACD25} = {BE530507-4CE6-41FF-BE29-6B1BEA53415C}
		{640935FE-CBB5-4FD4-8C0C-8AEF105D7BAE} = {BE530507-4CE6-41FF-BE29-6B1BEA53415C}
		{55056F29-B998-4DD8-B819-42D6CD81136B} = {955F13F4-338D-444F-8B43-D8EFCD9C0044}
		{FBBD5AE6-710D-471C-BE11-E7462B95BA3E} = {02EA681E-C7D8-13C7-8484-4AC65E1B71E8}
		{F15DC4B4-F825-4805-AE66-14F3A0978F98} = {02EA681E-C7D8-13C7-8484-4AC65E1B71E8}
	EndGlobalSection
	GlobalSection(ExtensibilityGlobals) = postSolution
		SolutionGuid = {7A843F8C-EFA1-491C-B952-45FA040A30A2}
		{02EA681E-C7D8-13C7-8484-4AC65E1B71E8} = {317B6052-9BB0-46C8-8536-D63BA6105929}
		{906F319C-D273-4248-AE18-619912270FB9} = {02EA681E-C7D8-13C7-8484-4AC65E1B71E8}
		{D5B65017-5521-4F3B-A4F3-DD938CBFCDDF} = {02EA681E-C7D8-13C7-8484-4AC65E1B71E8}
		{A7A1B930-B909-44A6-95CC-B25817BB8E7D} = {9DA59A94-C5D8-4CD1-966F-44E97737A1EF}
		{B7918D11-38C5-4993-B1EF-D596D248B501} = {9DA59A94-C5D8-4CD1-966F-44E97737A1EF}
		{D2DEAE0B-52CA-4D94-9346-4A20AB1D69D6} = {B9CBB3AD-50F3-4240-80E1-F78CA04620C8}
		{407A8B5B-37A3-4D43-8CC8-3FBC032D59EC} = {D2DEAE0B-52CA-4D94-9346-4A20AB1D69D6}
		{AA1D9A83-6957-4390-8C5D-B68DA47706D2} = {D2DEAE0B-52CA-4D94-9346-4A20AB1D69D6}
		{4681B309-2DF1-456E-888C-8C2EAF41239A} = {407A8B5B-37A3-4D43-8CC8-3FBC032D59EC}
	EndGlobalSection
EndGlobal
