
Microsoft Visual Studio Solution File, Format Version 12.00
# Visual Studio Version 17
VisualStudioVersion = 17.13.35806.99
MinimumVisualStudioVersion = 10.0.40219.1
Project("{2150E333-8FDC-42A3-9474-1A3956D46DE8}") = "src", "src", "{317B6052-9BB0-46C8-8536-D63BA6105929}"
	ProjectSection(SolutionItems) = preProject
		src\Directory.Packages.props = src\Directory.Packages.props
	EndProjectSection
EndProject
Project("{2150E333-8FDC-42A3-9474-1A3956D46DE8}") = "Modules", "Modules", "{038D4366-DF72-4566-853B-59186711BE49}"
EndProject
Project("{2150E333-8FDC-42A3-9474-1A3956D46DE8}") = "Bookings", "Bookings", "{2F226694-EBFA-464D-9538-38F94DB7ADE9}"
EndProject
Project("{2150E333-8FDC-42A3-9474-1A3956D46DE8}") = "Tenants", "Tenants", "{B33D0439-3AE6-4FA2-92E5-7540FE82565E}"
EndProject
Project("{2150E333-8FDC-42A3-9474-1A3956D46DE8}") = "Services", "Services", "{824C3909-5762-476A-8E18-AC686D522599}"
EndProject
Project("{2150E333-8FDC-42A3-9474-1A3956D46DE8}") = "Scheduling", "Scheduling", "{9DA59A94-C5D8-4CD1-966F-44E97737A1EF}"
EndProject
Project("{2150E333-8FDC-42A3-9474-1A3956D46DE8}") = "Notifications", "Notifications", "{12D31173-D955-4123-9DE6-3693694119F7}"
EndProject
Project("{2150E333-8FDC-42A3-9474-1A3956D46DE8}") = "Payments", "Payments", "{15DDEBC4-1AA3-4895-A3E7-91A033033902}"
EndProject
Project("{2150E333-8FDC-42A3-9474-1A3956D46DE8}") = "Reviews", "Reviews", "{E0058004-FAA9-4A96-8ACF-CB5A49EA1FF8}"
EndProject
Project("{2150E333-8FDC-42A3-9474-1A3956D46DE8}") = "Resources", "Resources", "{BBE8817F-B24C-4F50-A1A8-EB8E7D709ED9}"
EndProject
Project("{2150E333-8FDC-42A3-9474-1A3956D46DE8}") = "Common", "Common", "{955F13F4-338D-444F-8B43-D8EFCD9C0044}"
EndProject
Project("{FAE04EC0-301F-11D3-BF4B-00C04F79EFBC}") = "VC.Host", "src\VC.Host\VC.Host.csproj", "{62A32571-1F85-4289-A8E8-1AC2E98A953B}"
EndProject
Project("{FAE04EC0-301F-11D3-BF4B-00C04F79EFBC}") = "VC.Tenants", "src\Modules\Tenants\VC.Tenants\VC.Tenants.csproj", "{C48015AC-4270-4089-BE2C-FFA5D17AD6A7}"
EndProject
Project("{FAE04EC0-301F-11D3-BF4B-00C04F79EFBC}") = "VC.Tenants.Api", "src\Modules\Tenants\VC.Tenants.Api\VC.Tenants.Api.csproj", "{2F09CFA1-1BCC-4F4D-A5D0-076A44CB5A28}"
EndProject
Project("{FAE04EC0-301F-11D3-BF4B-00C04F79EFBC}") = "VC.Tenants.Di", "src\Modules\Tenants\VC.Tenants.Di\VC.Tenants.Di.csproj", "{B8795A5E-277B-49E2-9D7C-769881CE524C}"
EndProject
Project("{FAE04EC0-301F-11D3-BF4B-00C04F79EFBC}") = "VC.Utilities", "src\Common\VC.Utilities\VC.Utilities.csproj", "{0C528251-677C-40C2-BBB6-C12F0942FE18}"
EndProject
Project("{FAE04EC0-301F-11D3-BF4B-00C04F79EFBC}") = "VC.Tenants.Application", "src\Modules\Tenants\VC.Tenants.Application\VC.Tenants.Application.csproj", "{33E66C71-3AFB-41BA-9EE7-A892CF764D84}"
EndProject
Project("{FAE04EC0-301F-11D3-BF4B-00C04F79EFBC}") = "VC.Tenants.Infrastructure", "src\Modules\Tenants\VC.Tenants.Infrastructure\VC.Tenants.Infrastructure.csproj", "{42968A95-8404-4656-8643-7039D65C794C}"
EndProject
Project("{FAE04EC0-301F-11D3-BF4B-00C04F79EFBC}") = "VC.Tenants.Integration", "src\Modules\Tenants\VC.Tenants.Integration\VC.Tenants.Integration.csproj", "{67823277-7EB5-4D54-B4EE-0C76336067CE}"
EndProject
Project("{FAE04EC0-301F-11D3-BF4B-00C04F79EFBC}") = "VC.Bookings", "src\Modules\Bookings\VC.Bookings\VC.Bookings.csproj", "{1AD1F08F-39CA-48D6-8BD1-C8ECDBE569E2}"
EndProject
Project("{FAE04EC0-301F-11D3-BF4B-00C04F79EFBC}") = "VC.Bookings.Api", "src\Modules\Bookings\VC.Bookings.Api\VC.Bookings.Api.csproj", "{DE883FF1-3FDC-4BEA-A4F2-C309C56B4CB4}"
EndProject
Project("{FAE04EC0-301F-11D3-BF4B-00C04F79EFBC}") = "VC.Bookings.Di", "src\Modules\Bookings\VC.Bookings.Di\VC.Bookings.Di.csproj", "{A091CBA6-11D7-439F-A250-506445A3B8E0}"
EndProject
Project("{FAE04EC0-301F-11D3-BF4B-00C04F79EFBC}") = "VC.Bookings.Application", "src\Modules\Bookings\VC.Bookings.Application\VC.Bookings.Application.csproj", "{D8956641-A025-4A4D-BB3A-AA87B8F9D2FF}"
EndProject
Project("{FAE04EC0-301F-11D3-BF4B-00C04F79EFBC}") = "VC.Bookings.Integration", "src\Modules\Bookings\VC.Bookings.Integration\VC.Bookings.Integration.csproj", "{E6E8EA25-076A-4839-AFCD-0562C3FB8058}"
EndProject
Project("{FAE04EC0-301F-11D3-BF4B-00C04F79EFBC}") = "VC.Bookings.Infrastructure", "src\Modules\Bookings\VC.Bookings.Infrastructure\VC.Bookings.Infrastructure.csproj", "{6796F60E-1C67-4FBB-AEDD-679462A0AC0D}"
EndProject
Project("{FAE04EC0-301F-11D3-BF4B-00C04F79EFBC}") = "VC.Recources.Domain", "src\Modules\Resources\VC.Recources\VC.Recources.Domain.csproj", "{EDECBAFB-9825-4BFF-BACE-9889AB0A4E15}"
EndProject
Project("{FAE04EC0-301F-11D3-BF4B-00C04F79EFBC}") = "VC.Resources.Api", "src\Modules\Resources\VC.Resources.Api\VC.Resources.Api.csproj", "{0576C213-FED8-4242-8120-D487942250F3}"
EndProject
Project("{FAE04EC0-301F-11D3-BF4B-00C04F79EFBC}") = "VC.Recources.Application", "src\Modules\Resources\VC.Recources.Application\VC.Recources.Application.csproj", "{C572AFAB-661D-4980-A25F-FADCE551C4F3}"
EndProject
Project("{FAE04EC0-301F-11D3-BF4B-00C04F79EFBC}") = "VC.Recources.Di", "src\Modules\Resources\VC.Recources.Di\VC.Recources.Di.csproj", "{5F89DF8D-066A-4132-A6C2-D4C1FA26A8F3}"
EndProject
Project("{FAE04EC0-301F-11D3-BF4B-00C04F79EFBC}") = "VC.Recources.Infrastructure", "src\Modules\Resources\VC.Recources.Infrastructure\VC.Recources.Infrastructure.csproj", "{AE61E517-FBF5-4353-ADC5-A415E4419031}"
EndProject
Project("{FAE04EC0-301F-11D3-BF4B-00C04F79EFBC}") = "VC.Recources.Integration", "src\Modules\Resources\VC.Recources.Integration\VC.Recources.Integration.csproj", "{65BDB0E4-98C6-428B-B274-9E6706E951C7}"
EndProject
Project("{FAE04EC0-301F-11D3-BF4B-00C04F79EFBC}") = "VC.Scheduling.Api", "src\Modules\Scheduling\VC.Scheduling.Api\VC.Scheduling.Api.csproj", "{A7A1B930-B909-44A6-95CC-B25817BB8E7D}"
EndProject
Project("{FAE04EC0-301F-11D3-BF4B-00C04F79EFBC}") = "VC.Scheduling", "src\Modules\Scheduling\VC.Scheduling\VC.Scheduling.csproj", "{B7918D11-38C5-4993-B1EF-D596D248B501}"
EndProject
Project("{2150E333-8FDC-42A3-9474-1A3956D46DE8}") = "tests", "tests", "{B9CBB3AD-50F3-4240-80E1-F78CA04620C8}"
EndProject
Project("{2150E333-8FDC-42A3-9474-1A3956D46DE8}") = "Modules", "Modules", "{D2DEAE0B-52CA-4D94-9346-4A20AB1D69D6}"
EndProject
Project("{2150E333-8FDC-42A3-9474-1A3956D46DE8}") = "Scheduling", "Scheduling", "{407A8B5B-37A3-4D43-8CC8-3FBC032D59EC}"
EndProject
Project("{FAE04EC0-301F-11D3-BF4B-00C04F79EFBC}") = "VC.UnitTests.Common", "tests\VC.UnitTests.Common\VC.UnitTests.Common.csproj", "{AA1D9A83-6957-4390-8C5D-B68DA47706D2}"
EndProject
Project("{FAE04EC0-301F-11D3-BF4B-00C04F79EFBC}") = "VC.Scheduling.UnitTests", "tests\Modules\Scheduling\VC.Scheduling.UnitTests\VC.Scheduling.UnitTests.csproj", "{4681B309-2DF1-456E-888C-8C2EAF41239A}"
EndProject
Project("{2150E333-8FDC-42A3-9474-1A3956D46DE8}") = "Infrastructure", "Infrastructure", "{02EA681E-C7D8-13C7-8484-4AC65E1B71E8}"
EndProject
Project("{FAE04EC0-301F-11D3-BF4B-00C04F79EFBC}") = "VC.MailkitIntegration", "src\Infrastructure\VC.MailkitIntegration\VC.MailkitIntegration.csproj", "{906F319C-D273-4248-AE18-619912270FB9}"
EndProject
Project("{FAE04EC0-301F-11D3-BF4B-00C04F79EFBC}") = "VC.Integrations.Di", "src\Infrastructure\VC.Integrations.Di\VC.Integrations.Di.csproj", "{D5B65017-5521-4F3B-A4F3-DD938CBFCDDF}"
EndProject
Project("{FAE04EC0-301F-11D3-BF4B-00C04F79EFBC}") = "VC.Services", "src\Modules\Services\VC.Services\VC.Services.csproj", "{4AF44D35-54AF-4DDB-868B-CB32DA044423}"
EndProject
Project("{FAE04EC0-301F-11D3-BF4B-00C04F79EFBC}") = "VC.Services.Api", "src\Modules\Services\VC.Services.Api\VC.Services.Api.csproj", "{59256530-AC7F-443F-8B47-FD2DD0A2050E}"
EndProject
Project("{FAE04EC0-301F-11D3-BF4B-00C04F79EFBC}") = "VC.Services.Application", "src\Modules\Services\VC.Services.Application\VC.Services.Application.csproj", "{37700D3B-4D68-4733-9012-88C875B379EC}"
EndProject
Project("{FAE04EC0-301F-11D3-BF4B-00C04F79EFBC}") = "VC.Services.Di", "src\Modules\Services\VC.Services.Di\VC.Services.Di.csproj", "{77F36AF7-D395-4345-B7A7-108354A68319}"
EndProject
Project("{FAE04EC0-301F-11D3-BF4B-00C04F79EFBC}") = "VC.Services.Infrastructure", "src\Modules\Services\VC.Services.Infrastructure\VC.Services.Infrastructure.csproj", "{B26B112E-6047-4284-8D60-1085ED9BBDD1}"
EndProject
Project("{FAE04EC0-301F-11D3-BF4B-00C04F79EFBC}") = "VC.Services.Integration", "src\Modules\Services\VC.Services.Integration\VC.Services.Integration.csproj", "{1CD19043-14B4-4134-A8BB-379CEB776B50}"
EndProject
Global
	GlobalSection(SolutionConfigurationPlatforms) = preSolution
		Debug|Any CPU = Debug|Any CPU
		Release|Any CPU = Release|Any CPU
	EndGlobalSection
	GlobalSection(ProjectConfigurationPlatforms) = postSolution
		{62A32571-1F85-4289-A8E8-1AC2E98A953B}.Debug|Any CPU.ActiveCfg = Debug|Any CPU
		{62A32571-1F85-4289-A8E8-1AC2E98A953B}.Debug|Any CPU.Build.0 = Debug|Any CPU
		{62A32571-1F85-4289-A8E8-1AC2E98A953B}.Release|Any CPU.ActiveCfg = Release|Any CPU
		{62A32571-1F85-4289-A8E8-1AC2E98A953B}.Release|Any CPU.Build.0 = Release|Any CPU
		{C48015AC-4270-4089-BE2C-FFA5D17AD6A7}.Debug|Any CPU.ActiveCfg = Debug|Any CPU
		{C48015AC-4270-4089-BE2C-FFA5D17AD6A7}.Debug|Any CPU.Build.0 = Debug|Any CPU
		{C48015AC-4270-4089-BE2C-FFA5D17AD6A7}.Release|Any CPU.ActiveCfg = Release|Any CPU
		{C48015AC-4270-4089-BE2C-FFA5D17AD6A7}.Release|Any CPU.Build.0 = Release|Any CPU
		{2F09CFA1-1BCC-4F4D-A5D0-076A44CB5A28}.Debug|Any CPU.ActiveCfg = Debug|Any CPU
		{2F09CFA1-1BCC-4F4D-A5D0-076A44CB5A28}.Debug|Any CPU.Build.0 = Debug|Any CPU
		{2F09CFA1-1BCC-4F4D-A5D0-076A44CB5A28}.Release|Any CPU.ActiveCfg = Release|Any CPU
		{2F09CFA1-1BCC-4F4D-A5D0-076A44CB5A28}.Release|Any CPU.Build.0 = Release|Any CPU
		{B8795A5E-277B-49E2-9D7C-769881CE524C}.Debug|Any CPU.ActiveCfg = Debug|Any CPU
		{B8795A5E-277B-49E2-9D7C-769881CE524C}.Debug|Any CPU.Build.0 = Debug|Any CPU
		{B8795A5E-277B-49E2-9D7C-769881CE524C}.Release|Any CPU.ActiveCfg = Release|Any CPU
		{B8795A5E-277B-49E2-9D7C-769881CE524C}.Release|Any CPU.Build.0 = Release|Any CPU
		{0C528251-677C-40C2-BBB6-C12F0942FE18}.Debug|Any CPU.ActiveCfg = Debug|Any CPU
		{0C528251-677C-40C2-BBB6-C12F0942FE18}.Debug|Any CPU.Build.0 = Debug|Any CPU
		{0C528251-677C-40C2-BBB6-C12F0942FE18}.Release|Any CPU.ActiveCfg = Release|Any CPU
		{0C528251-677C-40C2-BBB6-C12F0942FE18}.Release|Any CPU.Build.0 = Release|Any CPU
		{33E66C71-3AFB-41BA-9EE7-A892CF764D84}.Debug|Any CPU.ActiveCfg = Debug|Any CPU
		{33E66C71-3AFB-41BA-9EE7-A892CF764D84}.Debug|Any CPU.Build.0 = Debug|Any CPU
		{33E66C71-3AFB-41BA-9EE7-A892CF764D84}.Release|Any CPU.ActiveCfg = Release|Any CPU
		{33E66C71-3AFB-41BA-9EE7-A892CF764D84}.Release|Any CPU.Build.0 = Release|Any CPU
		{42968A95-8404-4656-8643-7039D65C794C}.Debug|Any CPU.ActiveCfg = Debug|Any CPU
		{42968A95-8404-4656-8643-7039D65C794C}.Debug|Any CPU.Build.0 = Debug|Any CPU
		{42968A95-8404-4656-8643-7039D65C794C}.Release|Any CPU.ActiveCfg = Release|Any CPU
		{42968A95-8404-4656-8643-7039D65C794C}.Release|Any CPU.Build.0 = Release|Any CPU
		{67823277-7EB5-4D54-B4EE-0C76336067CE}.Debug|Any CPU.ActiveCfg = Debug|Any CPU
		{67823277-7EB5-4D54-B4EE-0C76336067CE}.Debug|Any CPU.Build.0 = Debug|Any CPU
		{67823277-7EB5-4D54-B4EE-0C76336067CE}.Release|Any CPU.ActiveCfg = Release|Any CPU
		{67823277-7EB5-4D54-B4EE-0C76336067CE}.Release|Any CPU.Build.0 = Release|Any CPU
		{1AD1F08F-39CA-48D6-8BD1-C8ECDBE569E2}.Debug|Any CPU.ActiveCfg = Debug|Any CPU
		{1AD1F08F-39CA-48D6-8BD1-C8ECDBE569E2}.Debug|Any CPU.Build.0 = Debug|Any CPU
		{1AD1F08F-39CA-48D6-8BD1-C8ECDBE569E2}.Release|Any CPU.ActiveCfg = Release|Any CPU
		{1AD1F08F-39CA-48D6-8BD1-C8ECDBE569E2}.Release|Any CPU.Build.0 = Release|Any CPU
		{DE883FF1-3FDC-4BEA-A4F2-C309C56B4CB4}.Debug|Any CPU.ActiveCfg = Debug|Any CPU
		{DE883FF1-3FDC-4BEA-A4F2-C309C56B4CB4}.Debug|Any CPU.Build.0 = Debug|Any CPU
		{DE883FF1-3FDC-4BEA-A4F2-C309C56B4CB4}.Release|Any CPU.ActiveCfg = Release|Any CPU
		{DE883FF1-3FDC-4BEA-A4F2-C309C56B4CB4}.Release|Any CPU.Build.0 = Release|Any CPU
		{A091CBA6-11D7-439F-A250-506445A3B8E0}.Debug|Any CPU.ActiveCfg = Debug|Any CPU
		{A091CBA6-11D7-439F-A250-506445A3B8E0}.Debug|Any CPU.Build.0 = Debug|Any CPU
		{A091CBA6-11D7-439F-A250-506445A3B8E0}.Release|Any CPU.ActiveCfg = Release|Any CPU
		{A091CBA6-11D7-439F-A250-506445A3B8E0}.Release|Any CPU.Build.0 = Release|Any CPU
		{D8956641-A025-4A4D-BB3A-AA87B8F9D2FF}.Debug|Any CPU.ActiveCfg = Debug|Any CPU
		{D8956641-A025-4A4D-BB3A-AA87B8F9D2FF}.Debug|Any CPU.Build.0 = Debug|Any CPU
		{D8956641-A025-4A4D-BB3A-AA87B8F9D2FF}.Release|Any CPU.ActiveCfg = Release|Any CPU
		{D8956641-A025-4A4D-BB3A-AA87B8F9D2FF}.Release|Any CPU.Build.0 = Release|Any CPU
		{E6E8EA25-076A-4839-AFCD-0562C3FB8058}.Debug|Any CPU.ActiveCfg = Debug|Any CPU
		{E6E8EA25-076A-4839-AFCD-0562C3FB8058}.Debug|Any CPU.Build.0 = Debug|Any CPU
		{E6E8EA25-076A-4839-AFCD-0562C3FB8058}.Release|Any CPU.ActiveCfg = Release|Any CPU
		{E6E8EA25-076A-4839-AFCD-0562C3FB8058}.Release|Any CPU.Build.0 = Release|Any CPU
		{6796F60E-1C67-4FBB-AEDD-679462A0AC0D}.Debug|Any CPU.ActiveCfg = Debug|Any CPU
		{6796F60E-1C67-4FBB-AEDD-679462A0AC0D}.Debug|Any CPU.Build.0 = Debug|Any CPU
		{6796F60E-1C67-4FBB-AEDD-679462A0AC0D}.Release|Any CPU.ActiveCfg = Release|Any CPU
		{6796F60E-1C67-4FBB-AEDD-679462A0AC0D}.Release|Any CPU.Build.0 = Release|Any CPU
		{4AF44D35-54AF-4DDB-868B-CB32DA044423}.Debug|Any CPU.ActiveCfg = Debug|Any CPU
		{4AF44D35-54AF-4DDB-868B-CB32DA044423}.Debug|Any CPU.Build.0 = Debug|Any CPU
		{4AF44D35-54AF-4DDB-868B-CB32DA044423}.Release|Any CPU.ActiveCfg = Release|Any CPU
		{4AF44D35-54AF-4DDB-868B-CB32DA044423}.Release|Any CPU.Build.0 = Release|Any CPU
		{59256530-AC7F-443F-8B47-FD2DD0A2050E}.Debug|Any CPU.ActiveCfg = Debug|Any CPU
		{59256530-AC7F-443F-8B47-FD2DD0A2050E}.Debug|Any CPU.Build.0 = Debug|Any CPU
		{59256530-AC7F-443F-8B47-FD2DD0A2050E}.Release|Any CPU.ActiveCfg = Release|Any CPU
		{59256530-AC7F-443F-8B47-FD2DD0A2050E}.Release|Any CPU.Build.0 = Release|Any CPU
		{37700D3B-4D68-4733-9012-88C875B379EC}.Debug|Any CPU.ActiveCfg = Debug|Any CPU
		{37700D3B-4D68-4733-9012-88C875B379EC}.Debug|Any CPU.Build.0 = Debug|Any CPU
		{37700D3B-4D68-4733-9012-88C875B379EC}.Release|Any CPU.ActiveCfg = Release|Any CPU
		{37700D3B-4D68-4733-9012-88C875B379EC}.Release|Any CPU.Build.0 = Release|Any CPU
		{77F36AF7-D395-4345-B7A7-108354A68319}.Debug|Any CPU.ActiveCfg = Debug|Any CPU
		{77F36AF7-D395-4345-B7A7-108354A68319}.Debug|Any CPU.Build.0 = Debug|Any CPU
		{77F36AF7-D395-4345-B7A7-108354A68319}.Release|Any CPU.ActiveCfg = Release|Any CPU
		{77F36AF7-D395-4345-B7A7-108354A68319}.Release|Any CPU.Build.0 = Release|Any CPU
		{B26B112E-6047-4284-8D60-1085ED9BBDD1}.Debug|Any CPU.ActiveCfg = Debug|Any CPU
		{B26B112E-6047-4284-8D60-1085ED9BBDD1}.Debug|Any CPU.Build.0 = Debug|Any CPU
		{B26B112E-6047-4284-8D60-1085ED9BBDD1}.Release|Any CPU.ActiveCfg = Release|Any CPU
		{B26B112E-6047-4284-8D60-1085ED9BBDD1}.Release|Any CPU.Build.0 = Release|Any CPU
		{1CD19043-14B4-4134-A8BB-379CEB776B50}.Debug|Any CPU.ActiveCfg = Debug|Any CPU
		{1CD19043-14B4-4134-A8BB-379CEB776B50}.Debug|Any CPU.Build.0 = Debug|Any CPU
		{1CD19043-14B4-4134-A8BB-379CEB776B50}.Release|Any CPU.ActiveCfg = Release|Any CPU
		{1CD19043-14B4-4134-A8BB-379CEB776B50}.Release|Any CPU.Build.0 = Release|Any CPU
		{EDECBAFB-9825-4BFF-BACE-9889AB0A4E15}.Debug|Any CPU.ActiveCfg = Debug|Any CPU
		{EDECBAFB-9825-4BFF-BACE-9889AB0A4E15}.Debug|Any CPU.Build.0 = Debug|Any CPU
		{EDECBAFB-9825-4BFF-BACE-9889AB0A4E15}.Release|Any CPU.ActiveCfg = Release|Any CPU
		{EDECBAFB-9825-4BFF-BACE-9889AB0A4E15}.Release|Any CPU.Build.0 = Release|Any CPU
		{0576C213-FED8-4242-8120-D487942250F3}.Debug|Any CPU.ActiveCfg = Debug|Any CPU
		{0576C213-FED8-4242-8120-D487942250F3}.Debug|Any CPU.Build.0 = Debug|Any CPU
		{0576C213-FED8-4242-8120-D487942250F3}.Release|Any CPU.ActiveCfg = Release|Any CPU
		{0576C213-FED8-4242-8120-D487942250F3}.Release|Any CPU.Build.0 = Release|Any CPU
		{C572AFAB-661D-4980-A25F-FADCE551C4F3}.Debug|Any CPU.ActiveCfg = Debug|Any CPU
		{C572AFAB-661D-4980-A25F-FADCE551C4F3}.Debug|Any CPU.Build.0 = Debug|Any CPU
		{C572AFAB-661D-4980-A25F-FADCE551C4F3}.Release|Any CPU.ActiveCfg = Release|Any CPU
		{C572AFAB-661D-4980-A25F-FADCE551C4F3}.Release|Any CPU.Build.0 = Release|Any CPU
		{5F89DF8D-066A-4132-A6C2-D4C1FA26A8F3}.Debug|Any CPU.ActiveCfg = Debug|Any CPU
		{5F89DF8D-066A-4132-A6C2-D4C1FA26A8F3}.Debug|Any CPU.Build.0 = Debug|Any CPU
		{5F89DF8D-066A-4132-A6C2-D4C1FA26A8F3}.Release|Any CPU.ActiveCfg = Release|Any CPU
		{5F89DF8D-066A-4132-A6C2-D4C1FA26A8F3}.Release|Any CPU.Build.0 = Release|Any CPU
		{AE61E517-FBF5-4353-ADC5-A415E4419031}.Debug|Any CPU.ActiveCfg = Debug|Any CPU
		{AE61E517-FBF5-4353-ADC5-A415E4419031}.Debug|Any CPU.Build.0 = Debug|Any CPU
		{AE61E517-FBF5-4353-ADC5-A415E4419031}.Release|Any CPU.ActiveCfg = Release|Any CPU
		{AE61E517-FBF5-4353-ADC5-A415E4419031}.Release|Any CPU.Build.0 = Release|Any CPU
		{65BDB0E4-98C6-428B-B274-9E6706E951C7}.Debug|Any CPU.ActiveCfg = Debug|Any CPU
		{65BDB0E4-98C6-428B-B274-9E6706E951C7}.Debug|Any CPU.Build.0 = Debug|Any CPU
		{65BDB0E4-98C6-428B-B274-9E6706E951C7}.Release|Any CPU.ActiveCfg = Release|Any CPU
		{65BDB0E4-98C6-428B-B274-9E6706E951C7}.Release|Any CPU.Build.0 = Release|Any CPU
	EndGlobalSection
	GlobalSection(SolutionProperties) = preSolution
		HideSolutionNode = FALSE
		{906F319C-D273-4248-AE18-619912270FB9}.Debug|Any CPU.ActiveCfg = Debug|Any CPU
		{906F319C-D273-4248-AE18-619912270FB9}.Debug|Any CPU.Build.0 = Debug|Any CPU
		{906F319C-D273-4248-AE18-619912270FB9}.Release|Any CPU.ActiveCfg = Release|Any CPU
		{906F319C-D273-4248-AE18-619912270FB9}.Release|Any CPU.Build.0 = Release|Any CPU
		{D5B65017-5521-4F3B-A4F3-DD938CBFCDDF}.Debug|Any CPU.ActiveCfg = Debug|Any CPU
		{D5B65017-5521-4F3B-A4F3-DD938CBFCDDF}.Debug|Any CPU.Build.0 = Debug|Any CPU
		{D5B65017-5521-4F3B-A4F3-DD938CBFCDDF}.Release|Any CPU.ActiveCfg = Release|Any CPU
		{D5B65017-5521-4F3B-A4F3-DD938CBFCDDF}.Release|Any CPU.Build.0 = Release|Any CPU
		{A7A1B930-B909-44A6-95CC-B25817BB8E7D}.Debug|Any CPU.ActiveCfg = Debug|Any CPU
		{A7A1B930-B909-44A6-95CC-B25817BB8E7D}.Debug|Any CPU.Build.0 = Debug|Any CPU
		{A7A1B930-B909-44A6-95CC-B25817BB8E7D}.Release|Any CPU.ActiveCfg = Release|Any CPU
		{A7A1B930-B909-44A6-95CC-B25817BB8E7D}.Release|Any CPU.Build.0 = Release|Any CPU
		{B7918D11-38C5-4993-B1EF-D596D248B501}.Debug|Any CPU.ActiveCfg = Debug|Any CPU
		{B7918D11-38C5-4993-B1EF-D596D248B501}.Debug|Any CPU.Build.0 = Debug|Any CPU
		{B7918D11-38C5-4993-B1EF-D596D248B501}.Release|Any CPU.ActiveCfg = Release|Any CPU
		{B7918D11-38C5-4993-B1EF-D596D248B501}.Release|Any CPU.Build.0 = Release|Any CPU
		{AA1D9A83-6957-4390-8C5D-B68DA47706D2}.Debug|Any CPU.ActiveCfg = Debug|Any CPU
		{AA1D9A83-6957-4390-8C5D-B68DA47706D2}.Debug|Any CPU.Build.0 = Debug|Any CPU
		{AA1D9A83-6957-4390-8C5D-B68DA47706D2}.Release|Any CPU.ActiveCfg = Release|Any CPU
		{AA1D9A83-6957-4390-8C5D-B68DA47706D2}.Release|Any CPU.Build.0 = Release|Any CPU
		{4681B309-2DF1-456E-888C-8C2EAF41239A}.Debug|Any CPU.ActiveCfg = Debug|Any CPU
		{4681B309-2DF1-456E-888C-8C2EAF41239A}.Debug|Any CPU.Build.0 = Debug|Any CPU
		{4681B309-2DF1-456E-888C-8C2EAF41239A}.Release|Any CPU.ActiveCfg = Release|Any CPU
		{4681B309-2DF1-456E-888C-8C2EAF41239A}.Release|Any CPU.Build.0 = Release|Any CPU
	EndGlobalSection
	GlobalSection(SolutionProperties) = preSolution
		HideSolutionNode = FALSE
	EndGlobalSection
	GlobalSection(NestedProjects) = preSolution
		{038D4366-DF72-4566-853B-59186711BE49} = {317B6052-9BB0-46C8-8536-D63BA6105929}
		{2F226694-EBFA-464D-9538-38F94DB7ADE9} = {038D4366-DF72-4566-853B-59186711BE49}
		{B33D0439-3AE6-4FA2-92E5-7540FE82565E} = {038D4366-DF72-4566-853B-59186711BE49}
		{824C3909-5762-476A-8E18-AC686D522599} = {038D4366-DF72-4566-853B-59186711BE49}
		{9DA59A94-C5D8-4CD1-966F-44E97737A1EF} = {038D4366-DF72-4566-853B-59186711BE49}
		{12D31173-D955-4123-9DE6-3693694119F7} = {038D4366-DF72-4566-853B-59186711BE49}
		{15DDEBC4-1AA3-4895-A3E7-91A033033902} = {038D4366-DF72-4566-853B-59186711BE49}
		{E0058004-FAA9-4A96-8ACF-CB5A49EA1FF8} = {038D4366-DF72-4566-853B-59186711BE49}
		{BBE8817F-B24C-4F50-A1A8-EB8E7D709ED9} = {038D4366-DF72-4566-853B-59186711BE49}
		{955F13F4-338D-444F-8B43-D8EFCD9C0044} = {317B6052-9BB0-46C8-8536-D63BA6105929}
		{62A32571-1F85-4289-A8E8-1AC2E98A953B} = {317B6052-9BB0-46C8-8536-D63BA6105929}
		{C48015AC-4270-4089-BE2C-FFA5D17AD6A7} = {B33D0439-3AE6-4FA2-92E5-7540FE82565E}
		{2F09CFA1-1BCC-4F4D-A5D0-076A44CB5A28} = {B33D0439-3AE6-4FA2-92E5-7540FE82565E}
		{B8795A5E-277B-49E2-9D7C-769881CE524C} = {B33D0439-3AE6-4FA2-92E5-7540FE82565E}
		{0C528251-677C-40C2-BBB6-C12F0942FE18} = {955F13F4-338D-444F-8B43-D8EFCD9C0044}
		{33E66C71-3AFB-41BA-9EE7-A892CF764D84} = {B33D0439-3AE6-4FA2-92E5-7540FE82565E}
		{42968A95-8404-4656-8643-7039D65C794C} = {B33D0439-3AE6-4FA2-92E5-7540FE82565E}
		{67823277-7EB5-4D54-B4EE-0C76336067CE} = {B33D0439-3AE6-4FA2-92E5-7540FE82565E}
		{1AD1F08F-39CA-48D6-8BD1-C8ECDBE569E2} = {2F226694-EBFA-464D-9538-38F94DB7ADE9}
		{DE883FF1-3FDC-4BEA-A4F2-C309C56B4CB4} = {2F226694-EBFA-464D-9538-38F94DB7ADE9}
		{A091CBA6-11D7-439F-A250-506445A3B8E0} = {2F226694-EBFA-464D-9538-38F94DB7ADE9}
		{D8956641-A025-4A4D-BB3A-AA87B8F9D2FF} = {2F226694-EBFA-464D-9538-38F94DB7ADE9}
		{E6E8EA25-076A-4839-AFCD-0562C3FB8058} = {2F226694-EBFA-464D-9538-38F94DB7ADE9}
		{6796F60E-1C67-4FBB-AEDD-679462A0AC0D} = {2F226694-EBFA-464D-9538-38F94DB7ADE9}
		{4AF44D35-54AF-4DDB-868B-CB32DA044423} = {824C3909-5762-476A-8E18-AC686D522599}
		{59256530-AC7F-443F-8B47-FD2DD0A2050E} = {824C3909-5762-476A-8E18-AC686D522599}
		{37700D3B-4D68-4733-9012-88C875B379EC} = {824C3909-5762-476A-8E18-AC686D522599}
		{77F36AF7-D395-4345-B7A7-108354A68319} = {824C3909-5762-476A-8E18-AC686D522599}
		{B26B112E-6047-4284-8D60-1085ED9BBDD1} = {824C3909-5762-476A-8E18-AC686D522599}
		{1CD19043-14B4-4134-A8BB-379CEB776B50} = {824C3909-5762-476A-8E18-AC686D522599}
	EndGlobalSection
	GlobalSection(ExtensibilityGlobals) = postSolution
		SolutionGuid = {79A84F53-AA10-4461-A324-62F2CA10597A}
		{EDECBAFB-9825-4BFF-BACE-9889AB0A4E15} = {BBE8817F-B24C-4F50-A1A8-EB8E7D709ED9}
		{0576C213-FED8-4242-8120-D487942250F3} = {BBE8817F-B24C-4F50-A1A8-EB8E7D709ED9}
		{C572AFAB-661D-4980-A25F-FADCE551C4F3} = {BBE8817F-B24C-4F50-A1A8-EB8E7D709ED9}
		{5F89DF8D-066A-4132-A6C2-D4C1FA26A8F3} = {BBE8817F-B24C-4F50-A1A8-EB8E7D709ED9}
		{AE61E517-FBF5-4353-ADC5-A415E4419031} = {BBE8817F-B24C-4F50-A1A8-EB8E7D709ED9}
		{65BDB0E4-98C6-428B-B274-9E6706E951C7} = {BBE8817F-B24C-4F50-A1A8-EB8E7D709ED9}
	EndGlobalSection
	GlobalSection(ExtensibilityGlobals) = postSolution
		SolutionGuid = {7A843F8C-EFA1-491C-B952-45FA040A30A2}
		{02EA681E-C7D8-13C7-8484-4AC65E1B71E8} = {317B6052-9BB0-46C8-8536-D63BA6105929}
		{906F319C-D273-4248-AE18-619912270FB9} = {02EA681E-C7D8-13C7-8484-4AC65E1B71E8}
		{D5B65017-5521-4F3B-A4F3-DD938CBFCDDF} = {02EA681E-C7D8-13C7-8484-4AC65E1B71E8}
		{A7A1B930-B909-44A6-95CC-B25817BB8E7D} = {9DA59A94-C5D8-4CD1-966F-44E97737A1EF}
		{B7918D11-38C5-4993-B1EF-D596D248B501} = {9DA59A94-C5D8-4CD1-966F-44E97737A1EF}
		{D2DEAE0B-52CA-4D94-9346-4A20AB1D69D6} = {B9CBB3AD-50F3-4240-80E1-F78CA04620C8}
		{407A8B5B-37A3-4D43-8CC8-3FBC032D59EC} = {D2DEAE0B-52CA-4D94-9346-4A20AB1D69D6}
		{AA1D9A83-6957-4390-8C5D-B68DA47706D2} = {D2DEAE0B-52CA-4D94-9346-4A20AB1D69D6}
		{4681B309-2DF1-456E-888C-8C2EAF41239A} = {407A8B5B-37A3-4D43-8CC8-3FBC032D59EC}
	EndGlobalSection
EndGlobal
