
Microsoft Visual Studio Solution File, Format Version 12.00
# Visual Studio Version 17
VisualStudioVersion = 17.13.35806.99
MinimumVisualStudioVersion = 10.0.40219.1
Project("{2150E333-8FDC-42A3-9474-1A3956D46DE8}") = "src", "src", "{317B6052-9BB0-46C8-8536-D63BA6105929}"
	ProjectSection(SolutionItems) = preProject
		src\Directory.Packages.props = src\Directory.Packages.props
	EndProjectSection
EndProject
Project("{2150E333-8FDC-42A3-9474-1A3956D46DE8}") = "Modules", "Modules", "{038D4366-DF72-4566-853B-59186711BE49}"
EndProject
Project("{2150E333-8FDC-42A3-9474-1A3956D46DE8}") = "Bookings", "Bookings", "{2F226694-EBFA-464D-9538-38F94DB7ADE9}"
EndProject
Project("{2150E333-8FDC-42A3-9474-1A3956D46DE8}") = "Tenants", "Tenants", "{B33D0439-3AE6-4FA2-92E5-7540FE82565E}"
EndProject
Project("{2150E333-8FDC-42A3-9474-1A3956D46DE8}") = "Core", "Core", "{824C3909-5762-476A-8E18-AC686D522599}"
EndProject
Project("{2150E333-8FDC-42A3-9474-1A3956D46DE8}") = "Notifications", "Notifications", "{12D31173-D955-4123-9DE6-3693694119F7}"
EndProject
Project("{2150E333-8FDC-42A3-9474-1A3956D46DE8}") = "Payments", "Payments", "{15DDEBC4-1AA3-4895-A3E7-91A033033902}"
EndProject
Project("{2150E333-8FDC-42A3-9474-1A3956D46DE8}") = "Reviews", "Reviews", "{E0058004-FAA9-4A96-8ACF-CB5A49EA1FF8}"
EndProject
Project("{2150E333-8FDC-42A3-9474-1A3956D46DE8}") = "Common", "Common", "{955F13F4-338D-444F-8B43-D8EFCD9C0044}"
EndProject
Project("{FAE04EC0-301F-11D3-BF4B-00C04F79EFBC}") = "VC.Host", "src\VC.Host\VC.Host.csproj", "{62A32571-1F85-4289-A8E8-1AC2E98A953B}"
EndProject
Project("{FAE04EC0-301F-11D3-BF4B-00C04F79EFBC}") = "VC.Tenants", "src\Modules\Tenants\VC.Tenants\VC.Tenants.csproj", "{C48015AC-4270-4089-BE2C-FFA5D17AD6A7}"
EndProject
Project("{FAE04EC0-301F-11D3-BF4B-00C04F79EFBC}") = "VC.Tenants.Api", "src\Modules\Tenants\VC.Tenants.Api\VC.Tenants.Api.csproj", "{2F09CFA1-1BCC-4F4D-A5D0-076A44CB5A28}"
EndProject
Project("{FAE04EC0-301F-11D3-BF4B-00C04F79EFBC}") = "VC.Tenants.Di", "src\Modules\Tenants\VC.Tenants.Di\VC.Tenants.Di.csproj", "{B8795A5E-277B-49E2-9D7C-769881CE524C}"
EndProject
Project("{FAE04EC0-301F-11D3-BF4B-00C04F79EFBC}") = "VC.Utilities", "src\Common\VC.Utilities\VC.Utilities.csproj", "{0C528251-677C-40C2-BBB6-C12F0942FE18}"
EndProject
Project("{FAE04EC0-301F-11D3-BF4B-00C04F79EFBC}") = "VC.Tenants.Application", "src\Modules\Tenants\VC.Tenants.Application\VC.Tenants.Application.csproj", "{33E66C71-3AFB-41BA-9EE7-A892CF764D84}"
EndProject
Project("{FAE04EC0-301F-11D3-BF4B-00C04F79EFBC}") = "VC.Tenants.Infrastructure", "src\Modules\Tenants\VC.Tenants.Infrastructure\VC.Tenants.Infrastructure.csproj", "{42968A95-8404-4656-8643-7039D65C794C}"
EndProject
Project("{FAE04EC0-301F-11D3-BF4B-00C04F79EFBC}") = "VC.Tenants.Integration", "src\Modules\Tenants\VC.Tenants.Integration\VC.Tenants.Integration.csproj", "{67823277-7EB5-4D54-B4EE-0C76336067CE}"
EndProject
Project("{FAE04EC0-301F-11D3-BF4B-00C04F79EFBC}") = "VC.Bookings", "src\Modules\Bookings\VC.Bookings\VC.Bookings.csproj", "{1AD1F08F-39CA-48D6-8BD1-C8ECDBE569E2}"
EndProject
Project("{FAE04EC0-301F-11D3-BF4B-00C04F79EFBC}") = "VC.Bookings.Api", "src\Modules\Bookings\VC.Bookings.Api\VC.Bookings.Api.csproj", "{DE883FF1-3FDC-4BEA-A4F2-C309C56B4CB4}"
EndProject
Project("{FAE04EC0-301F-11D3-BF4B-00C04F79EFBC}") = "VC.Bookings.Di", "src\Modules\Bookings\VC.Bookings.Di\VC.Bookings.Di.csproj", "{A091CBA6-11D7-439F-A250-506445A3B8E0}"
EndProject
Project("{FAE04EC0-301F-11D3-BF4B-00C04F79EFBC}") = "VC.Bookings.Application", "src\Modules\Bookings\VC.Bookings.Application\VC.Bookings.Application.csproj", "{D8956641-A025-4A4D-BB3A-AA87B8F9D2FF}"
EndProject
Project("{FAE04EC0-301F-11D3-BF4B-00C04F79EFBC}") = "VC.Bookings.Integration", "src\Modules\Bookings\VC.Bookings.Integration\VC.Bookings.Integration.csproj", "{E6E8EA25-076A-4839-AFCD-0562C3FB8058}"
EndProject
Project("{FAE04EC0-301F-11D3-BF4B-00C04F79EFBC}") = "VC.Bookings.Infrastructure", "src\Modules\Bookings\VC.Bookings.Infrastructure\VC.Bookings.Infrastructure.csproj", "{6796F60E-1C67-4FBB-AEDD-679462A0AC0D}"
EndProject
Project("{2150E333-8FDC-42A3-9474-1A3956D46DE8}") = "tests", "tests", "{B9CBB3AD-50F3-4240-80E1-F78CA04620C8}"
EndProject
Project("{FAE04EC0-301F-11D3-BF4B-00C04F79EFBC}") = "VC.UnitTests.Common", "tests\VC.UnitTests.Common\VC.UnitTests.Common.csproj", "{AA1D9A83-6957-4390-8C5D-B68DA47706D2}"
EndProject
Project("{2150E333-8FDC-42A3-9474-1A3956D46DE8}") = "Infrastructure", "Infrastructure", "{02EA681E-C7D8-13C7-8484-4AC65E1B71E8}"
EndProject
Project("{FAE04EC0-301F-11D3-BF4B-00C04F79EFBC}") = "VC.MailkitIntegration", "src\Infrastructure\VC.MailkitIntegration\VC.MailkitIntegration.csproj", "{906F319C-D273-4248-AE18-619912270FB9}"
EndProject
Project("{FAE04EC0-301F-11D3-BF4B-00C04F79EFBC}") = "VC.Integrations.Di", "src\Infrastructure\VC.Integrations.Di\VC.Integrations.Di.csproj", "{D5B65017-5521-4F3B-A4F3-DD938CBFCDDF}"
EndProject
Project("{FAE04EC0-301F-11D3-BF4B-00C04F79EFBC}") = "VC.Core", "src\Modules\Core\VC.Core\VC.Core.csproj", "{4AF44D35-54AF-4DDB-868B-CB32DA044423}"
EndProject
Project("{FAE04EC0-301F-11D3-BF4B-00C04F79EFBC}") = "VC.Core.Api", "src\Modules\Core\VC.Core.Api\VC.Core.Api.csproj", "{59256530-AC7F-443F-8B47-FD2DD0A2050E}"
EndProject
Project("{FAE04EC0-301F-11D3-BF4B-00C04F79EFBC}") = "VC.Core.Application", "src\Modules\Core\VC.Core.Application\VC.Core.Application.csproj", "{37700D3B-4D68-4733-9012-88C875B379EC}"
EndProject
Project("{FAE04EC0-301F-11D3-BF4B-00C04F79EFBC}") = "VC.Core.Di", "src\Modules\Core\VC.Core.Di\VC.Core.Di.csproj", "{77F36AF7-D395-4345-B7A7-108354A68319}"
EndProject
Project("{FAE04EC0-301F-11D3-BF4B-00C04F79EFBC}") = "VC.Core.Infrastructure", "src\Modules\Core\VC.Core.Infrastructure\VC.Core.Infrastructure.csproj", "{B26B112E-6047-4284-8D60-1085ED9BBDD1}"
EndProject
Project("{FAE04EC0-301F-11D3-BF4B-00C04F79EFBC}") = "VC.Core.Integration", "src\Modules\Core\VC.Core.Integration\VC.Core.Integration.csproj", "{1CD19043-14B4-4134-A8BB-379CEB776B50}"
EndProject
Project("{2150E333-8FDC-42A3-9474-1A3956D46DE8}") = "Tenants.Tests", "Tenants.Tests", "{86A36743-5EBD-41E0-AFC8-0CC543C7FA5B}"
EndProject
Project("{FAE04EC0-301F-11D3-BF4B-00C04F79EFBC}") = "VC.Tenants.UnitTests", "tests\Tenants.Tests\VC.Tenants.UnitTests\VC.Tenants.UnitTests.csproj", "{EBF6E0CC-CA72-444A-AD80-EA989829985B}"
EndProject
Project("{FAE04EC0-301F-11D3-BF4B-00C04F79EFBC}") = "VC.Tenants.Api.UnitTests", "tests\Tenants.Tests\VC.Tenants.Api.UnitTests\VC.Tenants.Api.UnitTests.csproj", "{525527D6-A95D-4E17-9E33-49CC1068CBEF}"
EndProject
Project("{FAE04EC0-301F-11D3-BF4B-00C04F79EFBC}") = "VC.Tenants.Application.UnitTests", "tests\Tenants.Tests\VC.Tenants.Application.UnitTests\VC.Tenants.Application.UnitTests.csproj", "{3C2FC704-F6DA-4EC1-BEB2-6AC552CF72A0}"
EndProject
Project("{FAE04EC0-301F-11D3-BF4B-00C04F79EFBC}") = "VC.Tenants.Infrastructure.UnitTests", "tests\Tenants.Tests\VC.Tenants.Infrastructure.UnitTests\VC.Tenants.Infrastructure.UnitTests.csproj", "{0465150B-BF32-4224-8C3A-FF025B5B5B46}"
EndProject
Project("{FAE04EC0-301F-11D3-BF4B-00C04F79EFBC}") = "VC.Tenants.Integration.UnitTests", "tests\Tenants.Tests\VC.Tenants.Integration.UnitTests\VC.Tenants.Integration.UnitTests.csproj", "{CF56AE85-EFAF-448B-9D76-763FE1500ECC}"
EndProject
Global
	GlobalSection(SolutionConfigurationPlatforms) = preSolution
		Debug|Any CPU = Debug|Any CPU
		Release|Any CPU = Release|Any CPU
	EndGlobalSection
	GlobalSection(ProjectConfigurationPlatforms) = postSolution
		{62A32571-1F85-4289-A8E8-1AC2E98A953B}.Debug|Any CPU.ActiveCfg = Debug|Any CPU
		{62A32571-1F85-4289-A8E8-1AC2E98A953B}.Debug|Any CPU.Build.0 = Debug|Any CPU
		{62A32571-1F85-4289-A8E8-1AC2E98A953B}.Release|Any CPU.ActiveCfg = Release|Any CPU
		{62A32571-1F85-4289-A8E8-1AC2E98A953B}.Release|Any CPU.Build.0 = Release|Any CPU
		{C48015AC-4270-4089-BE2C-FFA5D17AD6A7}.Debug|Any CPU.ActiveCfg = Debug|Any CPU
		{C48015AC-4270-4089-BE2C-FFA5D17AD6A7}.Debug|Any CPU.Build.0 = Debug|Any CPU
		{C48015AC-4270-4089-BE2C-FFA5D17AD6A7}.Release|Any CPU.ActiveCfg = Release|Any CPU
		{C48015AC-4270-4089-BE2C-FFA5D17AD6A7}.Release|Any CPU.Build.0 = Release|Any CPU
		{2F09CFA1-1BCC-4F4D-A5D0-076A44CB5A28}.Debug|Any CPU.ActiveCfg = Debug|Any CPU
		{2F09CFA1-1BCC-4F4D-A5D0-076A44CB5A28}.Debug|Any CPU.Build.0 = Debug|Any CPU
		{2F09CFA1-1BCC-4F4D-A5D0-076A44CB5A28}.Release|Any CPU.ActiveCfg = Release|Any CPU
		{2F09CFA1-1BCC-4F4D-A5D0-076A44CB5A28}.Release|Any CPU.Build.0 = Release|Any CPU
		{B8795A5E-277B-49E2-9D7C-769881CE524C}.Debug|Any CPU.ActiveCfg = Debug|Any CPU
		{B8795A5E-277B-49E2-9D7C-769881CE524C}.Debug|Any CPU.Build.0 = Debug|Any CPU
		{B8795A5E-277B-49E2-9D7C-769881CE524C}.Release|Any CPU.ActiveCfg = Release|Any CPU
		{B8795A5E-277B-49E2-9D7C-769881CE524C}.Release|Any CPU.Build.0 = Release|Any CPU
		{0C528251-677C-40C2-BBB6-C12F0942FE18}.Debug|Any CPU.ActiveCfg = Debug|Any CPU
		{0C528251-677C-40C2-BBB6-C12F0942FE18}.Debug|Any CPU.Build.0 = Debug|Any CPU
		{0C528251-677C-40C2-BBB6-C12F0942FE18}.Release|Any CPU.ActiveCfg = Release|Any CPU
		{0C528251-677C-40C2-BBB6-C12F0942FE18}.Release|Any CPU.Build.0 = Release|Any CPU
		{33E66C71-3AFB-41BA-9EE7-A892CF764D84}.Debug|Any CPU.ActiveCfg = Debug|Any CPU
		{33E66C71-3AFB-41BA-9EE7-A892CF764D84}.Debug|Any CPU.Build.0 = Debug|Any CPU
		{33E66C71-3AFB-41BA-9EE7-A892CF764D84}.Release|Any CPU.ActiveCfg = Release|Any CPU
		{33E66C71-3AFB-41BA-9EE7-A892CF764D84}.Release|Any CPU.Build.0 = Release|Any CPU
		{42968A95-8404-4656-8643-7039D65C794C}.Debug|Any CPU.ActiveCfg = Debug|Any CPU
		{42968A95-8404-4656-8643-7039D65C794C}.Debug|Any CPU.Build.0 = Debug|Any CPU
		{42968A95-8404-4656-8643-7039D65C794C}.Release|Any CPU.ActiveCfg = Release|Any CPU
		{42968A95-8404-4656-8643-7039D65C794C}.Release|Any CPU.Build.0 = Release|Any CPU
		{67823277-7EB5-4D54-B4EE-0C76336067CE}.Debug|Any CPU.ActiveCfg = Debug|Any CPU
		{67823277-7EB5-4D54-B4EE-0C76336067CE}.Debug|Any CPU.Build.0 = Debug|Any CPU
		{67823277-7EB5-4D54-B4EE-0C76336067CE}.Release|Any CPU.ActiveCfg = Release|Any CPU
		{67823277-7EB5-4D54-B4EE-0C76336067CE}.Release|Any CPU.Build.0 = Release|Any CPU
		{1AD1F08F-39CA-48D6-8BD1-C8ECDBE569E2}.Debug|Any CPU.ActiveCfg = Debug|Any CPU
		{1AD1F08F-39CA-48D6-8BD1-C8ECDBE569E2}.Debug|Any CPU.Build.0 = Debug|Any CPU
		{1AD1F08F-39CA-48D6-8BD1-C8ECDBE569E2}.Release|Any CPU.ActiveCfg = Release|Any CPU
		{1AD1F08F-39CA-48D6-8BD1-C8ECDBE569E2}.Release|Any CPU.Build.0 = Release|Any CPU
		{DE883FF1-3FDC-4BEA-A4F2-C309C56B4CB4}.Debug|Any CPU.ActiveCfg = Debug|Any CPU
		{DE883FF1-3FDC-4BEA-A4F2-C309C56B4CB4}.Debug|Any CPU.Build.0 = Debug|Any CPU
		{DE883FF1-3FDC-4BEA-A4F2-C309C56B4CB4}.Release|Any CPU.ActiveCfg = Release|Any CPU
		{DE883FF1-3FDC-4BEA-A4F2-C309C56B4CB4}.Release|Any CPU.Build.0 = Release|Any CPU
		{A091CBA6-11D7-439F-A250-506445A3B8E0}.Debug|Any CPU.ActiveCfg = Debug|Any CPU
		{A091CBA6-11D7-439F-A250-506445A3B8E0}.Debug|Any CPU.Build.0 = Debug|Any CPU
		{A091CBA6-11D7-439F-A250-506445A3B8E0}.Release|Any CPU.ActiveCfg = Release|Any CPU
		{A091CBA6-11D7-439F-A250-506445A3B8E0}.Release|Any CPU.Build.0 = Release|Any CPU
		{D8956641-A025-4A4D-BB3A-AA87B8F9D2FF}.Debug|Any CPU.ActiveCfg = Debug|Any CPU
		{D8956641-A025-4A4D-BB3A-AA87B8F9D2FF}.Debug|Any CPU.Build.0 = Debug|Any CPU
		{D8956641-A025-4A4D-BB3A-AA87B8F9D2FF}.Release|Any CPU.ActiveCfg = Release|Any CPU
		{D8956641-A025-4A4D-BB3A-AA87B8F9D2FF}.Release|Any CPU.Build.0 = Release|Any CPU
		{E6E8EA25-076A-4839-AFCD-0562C3FB8058}.Debug|Any CPU.ActiveCfg = Debug|Any CPU
		{E6E8EA25-076A-4839-AFCD-0562C3FB8058}.Debug|Any CPU.Build.0 = Debug|Any CPU
		{E6E8EA25-076A-4839-AFCD-0562C3FB8058}.Release|Any CPU.ActiveCfg = Release|Any CPU
		{E6E8EA25-076A-4839-AFCD-0562C3FB8058}.Release|Any CPU.Build.0 = Release|Any CPU
		{6796F60E-1C67-4FBB-AEDD-679462A0AC0D}.Debug|Any CPU.ActiveCfg = Debug|Any CPU
		{6796F60E-1C67-4FBB-AEDD-679462A0AC0D}.Debug|Any CPU.Build.0 = Debug|Any CPU
		{6796F60E-1C67-4FBB-AEDD-679462A0AC0D}.Release|Any CPU.ActiveCfg = Release|Any CPU
		{6796F60E-1C67-4FBB-AEDD-679462A0AC0D}.Release|Any CPU.Build.0 = Release|Any CPU
		{AA1D9A83-6957-4390-8C5D-B68DA47706D2}.Debug|Any CPU.ActiveCfg = Debug|Any CPU
		{AA1D9A83-6957-4390-8C5D-B68DA47706D2}.Debug|Any CPU.Build.0 = Debug|Any CPU
		{AA1D9A83-6957-4390-8C5D-B68DA47706D2}.Release|Any CPU.ActiveCfg = Release|Any CPU
		{AA1D9A83-6957-4390-8C5D-B68DA47706D2}.Release|Any CPU.Build.0 = Release|Any CPU
		{906F319C-D273-4248-AE18-619912270FB9}.Debug|Any CPU.ActiveCfg = Debug|Any CPU
		{906F319C-D273-4248-AE18-619912270FB9}.Debug|Any CPU.Build.0 = Debug|Any CPU
		{906F319C-D273-4248-AE18-619912270FB9}.Release|Any CPU.ActiveCfg = Release|Any CPU
		{906F319C-D273-4248-AE18-619912270FB9}.Release|Any CPU.Build.0 = Release|Any CPU
		{D5B65017-5521-4F3B-A4F3-DD938CBFCDDF}.Debug|Any CPU.ActiveCfg = Debug|Any CPU
		{D5B65017-5521-4F3B-A4F3-DD938CBFCDDF}.Debug|Any CPU.Build.0 = Debug|Any CPU
		{D5B65017-5521-4F3B-A4F3-DD938CBFCDDF}.Release|Any CPU.ActiveCfg = Release|Any CPU
		{D5B65017-5521-4F3B-A4F3-DD938CBFCDDF}.Release|Any CPU.Build.0 = Release|Any CPU
		{4AF44D35-54AF-4DDB-868B-CB32DA044423}.Debug|Any CPU.ActiveCfg = Debug|Any CPU
		{4AF44D35-54AF-4DDB-868B-CB32DA044423}.Debug|Any CPU.Build.0 = Debug|Any CPU
		{4AF44D35-54AF-4DDB-868B-CB32DA044423}.Release|Any CPU.ActiveCfg = Release|Any CPU
		{4AF44D35-54AF-4DDB-868B-CB32DA044423}.Release|Any CPU.Build.0 = Release|Any CPU
		{59256530-AC7F-443F-8B47-FD2DD0A2050E}.Debug|Any CPU.ActiveCfg = Debug|Any CPU
		{59256530-AC7F-443F-8B47-FD2DD0A2050E}.Debug|Any CPU.Build.0 = Debug|Any CPU
		{59256530-AC7F-443F-8B47-FD2DD0A2050E}.Release|Any CPU.ActiveCfg = Release|Any CPU
		{59256530-AC7F-443F-8B47-FD2DD0A2050E}.Release|Any CPU.Build.0 = Release|Any CPU
		{37700D3B-4D68-4733-9012-88C875B379EC}.Debug|Any CPU.ActiveCfg = Debug|Any CPU
		{37700D3B-4D68-4733-9012-88C875B379EC}.Debug|Any CPU.Build.0 = Debug|Any CPU
		{37700D3B-4D68-4733-9012-88C875B379EC}.Release|Any CPU.ActiveCfg = Release|Any CPU
		{37700D3B-4D68-4733-9012-88C875B379EC}.Release|Any CPU.Build.0 = Release|Any CPU
		{77F36AF7-D395-4345-B7A7-108354A68319}.Debug|Any CPU.ActiveCfg = Debug|Any CPU
		{77F36AF7-D395-4345-B7A7-108354A68319}.Debug|Any CPU.Build.0 = Debug|Any CPU
		{77F36AF7-D395-4345-B7A7-108354A68319}.Release|Any CPU.ActiveCfg = Release|Any CPU
		{77F36AF7-D395-4345-B7A7-108354A68319}.Release|Any CPU.Build.0 = Release|Any CPU
		{B26B112E-6047-4284-8D60-1085ED9BBDD1}.Debug|Any CPU.ActiveCfg = Debug|Any CPU
		{B26B112E-6047-4284-8D60-1085ED9BBDD1}.Debug|Any CPU.Build.0 = Debug|Any CPU
		{B26B112E-6047-4284-8D60-1085ED9BBDD1}.Release|Any CPU.ActiveCfg = Release|Any CPU
		{B26B112E-6047-4284-8D60-1085ED9BBDD1}.Release|Any CPU.Build.0 = Release|Any CPU
		{1CD19043-14B4-4134-A8BB-379CEB776B50}.Debug|Any CPU.ActiveCfg = Debug|Any CPU
		{1CD19043-14B4-4134-A8BB-379CEB776B50}.Debug|Any CPU.Build.0 = Debug|Any CPU
		{1CD19043-14B4-4134-A8BB-379CEB776B50}.Release|Any CPU.ActiveCfg = Release|Any CPU
		{1CD19043-14B4-4134-A8BB-379CEB776B50}.Release|Any CPU.Build.0 = Release|Any CPU
		{EBF6E0CC-CA72-444A-AD80-EA989829985B}.Debug|Any CPU.ActiveCfg = Debug|Any CPU
		{EBF6E0CC-CA72-444A-AD80-EA989829985B}.Debug|Any CPU.Build.0 = Debug|Any CPU
		{EBF6E0CC-CA72-444A-AD80-EA989829985B}.Release|Any CPU.ActiveCfg = Release|Any CPU
		{EBF6E0CC-CA72-444A-AD80-EA989829985B}.Release|Any CPU.Build.0 = Release|Any CPU
		{525527D6-A95D-4E17-9E33-49CC1068CBEF}.Debug|Any CPU.ActiveCfg = Debug|Any CPU
		{525527D6-A95D-4E17-9E33-49CC1068CBEF}.Debug|Any CPU.Build.0 = Debug|Any CPU
		{525527D6-A95D-4E17-9E33-49CC1068CBEF}.Release|Any CPU.ActiveCfg = Release|Any CPU
		{525527D6-A95D-4E17-9E33-49CC1068CBEF}.Release|Any CPU.Build.0 = Release|Any CPU
		{3C2FC704-F6DA-4EC1-BEB2-6AC552CF72A0}.Debug|Any CPU.ActiveCfg = Debug|Any CPU
		{3C2FC704-F6DA-4EC1-BEB2-6AC552CF72A0}.Debug|Any CPU.Build.0 = Debug|Any CPU
		{3C2FC704-F6DA-4EC1-BEB2-6AC552CF72A0}.Release|Any CPU.ActiveCfg = Release|Any CPU
		{3C2FC704-F6DA-4EC1-BEB2-6AC552CF72A0}.Release|Any CPU.Build.0 = Release|Any CPU
		{0465150B-BF32-4224-8C3A-FF025B5B5B46}.Debug|Any CPU.ActiveCfg = Debug|Any CPU
		{0465150B-BF32-4224-8C3A-FF025B5B5B46}.Debug|Any CPU.Build.0 = Debug|Any CPU
		{0465150B-BF32-4224-8C3A-FF025B5B5B46}.Release|Any CPU.ActiveCfg = Release|Any CPU
		{0465150B-BF32-4224-8C3A-FF025B5B5B46}.Release|Any CPU.Build.0 = Release|Any CPU
		{CF56AE85-EFAF-448B-9D76-763FE1500ECC}.Debug|Any CPU.ActiveCfg = Debug|Any CPU
		{CF56AE85-EFAF-448B-9D76-763FE1500ECC}.Debug|Any CPU.Build.0 = Debug|Any CPU
		{CF56AE85-EFAF-448B-9D76-763FE1500ECC}.Release|Any CPU.ActiveCfg = Release|Any CPU
		{CF56AE85-EFAF-448B-9D76-763FE1500ECC}.Release|Any CPU.Build.0 = Release|Any CPU
	EndGlobalSection
	GlobalSection(SolutionProperties) = preSolution
		HideSolutionNode = FALSE
	EndGlobalSection
	GlobalSection(NestedProjects) = preSolution
		{038D4366-DF72-4566-853B-59186711BE49} = {317B6052-9BB0-46C8-8536-D63BA6105929}
		{2F226694-EBFA-464D-9538-38F94DB7ADE9} = {038D4366-DF72-4566-853B-59186711BE49}
		{B33D0439-3AE6-4FA2-92E5-7540FE82565E} = {038D4366-DF72-4566-853B-59186711BE49}
		{824C3909-5762-476A-8E18-AC686D522599} = {038D4366-DF72-4566-853B-59186711BE49}
		{12D31173-D955-4123-9DE6-3693694119F7} = {038D4366-DF72-4566-853B-59186711BE49}
		{15DDEBC4-1AA3-4895-A3E7-91A033033902} = {038D4366-DF72-4566-853B-59186711BE49}
		{E0058004-FAA9-4A96-8ACF-CB5A49EA1FF8} = {038D4366-DF72-4566-853B-59186711BE49}
		{955F13F4-338D-444F-8B43-D8EFCD9C0044} = {317B6052-9BB0-46C8-8536-D63BA6105929}
		{62A32571-1F85-4289-A8E8-1AC2E98A953B} = {317B6052-9BB0-46C8-8536-D63BA6105929}
		{C48015AC-4270-4089-BE2C-FFA5D17AD6A7} = {B33D0439-3AE6-4FA2-92E5-7540FE82565E}
		{2F09CFA1-1BCC-4F4D-A5D0-076A44CB5A28} = {B33D0439-3AE6-4FA2-92E5-7540FE82565E}
		{B8795A5E-277B-49E2-9D7C-769881CE524C} = {B33D0439-3AE6-4FA2-92E5-7540FE82565E}
		{0C528251-677C-40C2-BBB6-C12F0942FE18} = {955F13F4-338D-444F-8B43-D8EFCD9C0044}
		{33E66C71-3AFB-41BA-9EE7-A892CF764D84} = {B33D0439-3AE6-4FA2-92E5-7540FE82565E}
		{42968A95-8404-4656-8643-7039D65C794C} = {B33D0439-3AE6-4FA2-92E5-7540FE82565E}
		{67823277-7EB5-4D54-B4EE-0C76336067CE} = {B33D0439-3AE6-4FA2-92E5-7540FE82565E}
		{1AD1F08F-39CA-48D6-8BD1-C8ECDBE569E2} = {2F226694-EBFA-464D-9538-38F94DB7ADE9}
		{DE883FF1-3FDC-4BEA-A4F2-C309C56B4CB4} = {2F226694-EBFA-464D-9538-38F94DB7ADE9}
		{A091CBA6-11D7-439F-A250-506445A3B8E0} = {2F226694-EBFA-464D-9538-38F94DB7ADE9}
		{D8956641-A025-4A4D-BB3A-AA87B8F9D2FF} = {2F226694-EBFA-464D-9538-38F94DB7ADE9}
		{E6E8EA25-076A-4839-AFCD-0562C3FB8058} = {2F226694-EBFA-464D-9538-38F94DB7ADE9}
		{6796F60E-1C67-4FBB-AEDD-679462A0AC0D} = {2F226694-EBFA-464D-9538-38F94DB7ADE9}
		{AA1D9A83-6957-4390-8C5D-B68DA47706D2} = {B9CBB3AD-50F3-4240-80E1-F78CA04620C8}
		{906F319C-D273-4248-AE18-619912270FB9} = {02EA681E-C7D8-13C7-8484-4AC65E1B71E8}
		{D5B65017-5521-4F3B-A4F3-DD938CBFCDDF} = {02EA681E-C7D8-13C7-8484-4AC65E1B71E8}
		{4AF44D35-54AF-4DDB-868B-CB32DA044423} = {824C3909-5762-476A-8E18-AC686D522599}
		{59256530-AC7F-443F-8B47-FD2DD0A2050E} = {824C3909-5762-476A-8E18-AC686D522599}
		{37700D3B-4D68-4733-9012-88C875B379EC} = {824C3909-5762-476A-8E18-AC686D522599}
		{77F36AF7-D395-4345-B7A7-108354A68319} = {824C3909-5762-476A-8E18-AC686D522599}
		{B26B112E-6047-4284-8D60-1085ED9BBDD1} = {824C3909-5762-476A-8E18-AC686D522599}
		{1CD19043-14B4-4134-A8BB-379CEB776B50} = {824C3909-5762-476A-8E18-AC686D522599}
		{86A36743-5EBD-41E0-AFC8-0CC543C7FA5B} = {B9CBB3AD-50F3-4240-80E1-F78CA04620C8}
		{EBF6E0CC-CA72-444A-AD80-EA989829985B} = {86A36743-5EBD-41E0-AFC8-0CC543C7FA5B}
		{525527D6-A95D-4E17-9E33-49CC1068CBEF} = {86A36743-5EBD-41E0-AFC8-0CC543C7FA5B}
		{3C2FC704-F6DA-4EC1-BEB2-6AC552CF72A0} = {86A36743-5EBD-41E0-AFC8-0CC543C7FA5B}
		{0465150B-BF32-4224-8C3A-FF025B5B5B46} = {86A36743-5EBD-41E0-AFC8-0CC543C7FA5B}
		{CF56AE85-EFAF-448B-9D76-763FE1500ECC} = {86A36743-5EBD-41E0-AFC8-0CC543C7FA5B}
	EndGlobalSection
	GlobalSection(ExtensibilityGlobals) = postSolution
		SolutionGuid = {7A843F8C-EFA1-491C-B952-45FA040A30A2}
		{02EA681E-C7D8-13C7-8484-4AC65E1B71E8} = {317B6052-9BB0-46C8-8536-D63BA6105929}
		{906F319C-D273-4248-AE18-619912270FB9} = {02EA681E-C7D8-13C7-8484-4AC65E1B71E8}
		{D5B65017-5521-4F3B-A4F3-DD938CBFCDDF} = {02EA681E-C7D8-13C7-8484-4AC65E1B71E8}
		{A7A1B930-B909-44A6-95CC-B25817BB8E7D} = {9DA59A94-C5D8-4CD1-966F-44E97737A1EF}
		{B7918D11-38C5-4993-B1EF-D596D248B501} = {9DA59A94-C5D8-4CD1-966F-44E97737A1EF}
		{D2DEAE0B-52CA-4D94-9346-4A20AB1D69D6} = {B9CBB3AD-50F3-4240-80E1-F78CA04620C8}
		{407A8B5B-37A3-4D43-8CC8-3FBC032D59EC} = {D2DEAE0B-52CA-4D94-9346-4A20AB1D69D6}
		{AA1D9A83-6957-4390-8C5D-B68DA47706D2} = {D2DEAE0B-52CA-4D94-9346-4A20AB1D69D6}
		{4681B309-2DF1-456E-888C-8C2EAF41239A} = {407A8B5B-37A3-4D43-8CC8-3FBC032D59EC}
	EndGlobalSection
EndGlobal
